// !$*UTF8*$!
{
	archiveVersion = 1;
	classes = {
	};
	objectVersion = 46;
	objects = {

/* Begin PBXBuildFile section */
		02AB53C8981604194BF579BB /* Pods_CreativeCalendarUITests.framework in Frameworks */ = {isa = PBXBuildFile; fileRef = 3811EC370034D3B1B42F1349 /* Pods_CreativeCalendarUITests.framework */; };
		0ACF28314FCEA69D26F551DD /* Pods_CreativeCalendar.framework in Frameworks */ = {isa = PBXBuildFile; fileRef = 871144C1698231A7DF2CBE20 /* Pods_CreativeCalendar.framework */; };
		3F7115AD1C5943F70071542F /* Images.xcassets in Resources */ = {isa = PBXBuildFile; fileRef = 3F7115AC1C5943F70071542F /* Images.xcassets */; };
		3F7115B01C5943F70071542F /* LaunchScreen.xib in Resources */ = {isa = PBXBuildFile; fileRef = 3F7115AE1C5943F70071542F /* LaunchScreen.xib */; };
		DE06631F1C6D321600DE42CA /* HomeViewController.swift in Sources */ = {isa = PBXBuildFile; fileRef = DE06631E1C6D321600DE42CA /* HomeViewController.swift */; };
		DE1D2D441D4A613B0015EFF3 /* RepeatTableViewCell.swift in Sources */ = {isa = PBXBuildFile; fileRef = DE1D2D431D4A613B0015EFF3 /* RepeatTableViewCell.swift */; };
		DE25D7CA1D108DE0000D657D /* CreativeCalendarUITests.swift in Sources */ = {isa = PBXBuildFile; fileRef = DE25D7C91D108DE0000D657D /* CreativeCalendarUITests.swift */; };
		DE2736261D05CF26000583A7 /* JournalTableViewController.swift in Sources */ = {isa = PBXBuildFile; fileRef = DE2736251D05CF26000583A7 /* JournalTableViewController.swift */; };
		DE2DCB501C6526EB004D3220 /* JournalViewController.swift in Sources */ = {isa = PBXBuildFile; fileRef = DE2DCB4F1C6526EB004D3220 /* JournalViewController.swift */; };
		DE2DCB531C652907004D3220 /* Main.storyboard in Resources */ = {isa = PBXBuildFile; fileRef = DE2DCB511C652907004D3220 /* Main.storyboard */; };
		DE3649EA1E05F0C000F33C8D /* LocalAuthentication.framework in Frameworks */ = {isa = PBXBuildFile; fileRef = DE3649E91E05F0C000F33C8D /* LocalAuthentication.framework */; };
		DE3649F81E0F0BC400F33C8D /* JournalModelTest.swift in Sources */ = {isa = PBXBuildFile; fileRef = DE3649F71E0F0BC400F33C8D /* JournalModelTest.swift */; };
		DE3649FE1E0F5C3B00F33C8D /* TaskModelTest.swift in Sources */ = {isa = PBXBuildFile; fileRef = DE3649FD1E0F5C3B00F33C8D /* TaskModelTest.swift */; };
		DE364A001E0F5FAD00F33C8D /* AppointmentModelTest.swift in Sources */ = {isa = PBXBuildFile; fileRef = DE3649FF1E0F5FAD00F33C8D /* AppointmentModelTest.swift */; };
		DE364A041E12F3E000F33C8D /* AppointmentTableViewCell.xib in Resources */ = {isa = PBXBuildFile; fileRef = DE364A031E12F3E000F33C8D /* AppointmentTableViewCell.xib */; };
		DE364A081E12F5AE00F33C8D /* AppointmentTableCell.swift in Sources */ = {isa = PBXBuildFile; fileRef = DE364A071E12F5AE00F33C8D /* AppointmentTableCell.swift */; };
		DE364A0A1E13206800F33C8D /* TaskTableViewCell.xib in Resources */ = {isa = PBXBuildFile; fileRef = DE364A091E13206800F33C8D /* TaskTableViewCell.xib */; };
		DE364A0C1E13214900F33C8D /* TaskTableCell.swift in Sources */ = {isa = PBXBuildFile; fileRef = DE364A0B1E13214900F33C8D /* TaskTableCell.swift */; };
		DE364A0E1E13216C00F33C8D /* JournalTableViewCell.xib in Resources */ = {isa = PBXBuildFile; fileRef = DE364A0D1E13216C00F33C8D /* JournalTableViewCell.xib */; };
		DE364A101E1321DB00F33C8D /* JournalTableCell.swift in Sources */ = {isa = PBXBuildFile; fileRef = DE364A0F1E1321DB00F33C8D /* JournalTableCell.swift */; };
		DE364A171E27EF8400F33C8D /* HomeJournalCell.swift in Sources */ = {isa = PBXBuildFile; fileRef = DE364A161E27EF8400F33C8D /* HomeJournalCell.swift */; };
		DE41E91D1E280366001468D4 /* PasscodeLockViewController.swift in Sources */ = {isa = PBXBuildFile; fileRef = DE41E91C1E280366001468D4 /* PasscodeLockViewController.swift */; };
		DE41E9211E283C51001468D4 /* UIScrollView+EmptyDataSet.m in Sources */ = {isa = PBXBuildFile; fileRef = DE41E9201E283C51001468D4 /* UIScrollView+EmptyDataSet.m */; };
		DE4C0C261CC6D261000866DF /* AppointmentStaticTableController.swift in Sources */ = {isa = PBXBuildFile; fileRef = DE4C0C251CC6D261000866DF /* AppointmentStaticTableController.swift */; };
		DE4C56791C6E817400D3DE8E /* AppointmentTableViewController.swift in Sources */ = {isa = PBXBuildFile; fileRef = DE4C56781C6E817400D3DE8E /* AppointmentTableViewController.swift */; };
		DE4C567B1C6E81A000D3DE8E /* TaskTableViewController.swift in Sources */ = {isa = PBXBuildFile; fileRef = DE4C567A1C6E81A000D3DE8E /* TaskTableViewController.swift */; };
		DE4CAA6D1D2437D600197FEF /* CalendarCell.swift in Sources */ = {isa = PBXBuildFile; fileRef = DE4CAA6C1D2437D600197FEF /* CalendarCell.swift */; };
		DE4CAA711D243A9900197FEF /* CalendarHeaderView.swift in Sources */ = {isa = PBXBuildFile; fileRef = DE4CAA701D243A9900197FEF /* CalendarHeaderView.swift */; };
		DE4CAA731D24679400197FEF /* CalendarViewController.swift in Sources */ = {isa = PBXBuildFile; fileRef = DE4CAA721D24679400197FEF /* CalendarViewController.swift */; };
		DE4CAA771D2619F800197FEF /* Pods_CreativeCalendar.framework in Embed Frameworks */ = {isa = PBXBuildFile; fileRef = 871144C1698231A7DF2CBE20 /* Pods_CreativeCalendar.framework */; settings = {ATTRIBUTES = (CodeSignOnCopy, RemoveHeadersOnCopy, ); }; };
		DE4CAA7A1D261F5D00197FEF /* CellView.xib in Resources */ = {isa = PBXBuildFile; fileRef = DE4CAA791D261F5D00197FEF /* CellView.xib */; };
		DE4CAA7E1D26FD2100197FEF /* HeaderView.xib in Resources */ = {isa = PBXBuildFile; fileRef = DE4CAA7D1D26FD2100197FEF /* HeaderView.xib */; };
		DE4D91601CE7C57400CF89C4 /* TaskItem.swift in Sources */ = {isa = PBXBuildFile; fileRef = DE4D915F1CE7C57400CF89C4 /* TaskItem.swift */; };
		DE4D91661CE7D2A900CF89C4 /* TaskStaticTableViewController.swift in Sources */ = {isa = PBXBuildFile; fileRef = DE4D91651CE7D2A900CF89C4 /* TaskStaticTableViewController.swift */; };
		DE5389401CD3B6B600DAC001 /* AppointmentItem.swift in Sources */ = {isa = PBXBuildFile; fileRef = DE53893F1CD3B6B600DAC001 /* AppointmentItem.swift */; };
		DE539DA71CAEDFB0000615CD /* AppDelegate.swift in Sources */ = {isa = PBXBuildFile; fileRef = DE539DA61CAEDFB0000615CD /* AppDelegate.swift */; };
		DE53EF211CEA385C00E629A2 /* HomeTaskCell.swift in Sources */ = {isa = PBXBuildFile; fileRef = DE53EF201CEA385C00E629A2 /* HomeTaskCell.swift */; };
		DE53EF231CEA399200E629A2 /* HomeAppointmentCell.swift in Sources */ = {isa = PBXBuildFile; fileRef = DE53EF221CEA399200E629A2 /* HomeAppointmentCell.swift */; };
		DE553AB11CE781B4006288E6 /* AppointmentCell.swift in Sources */ = {isa = PBXBuildFile; fileRef = DE553AB01CE781B4006288E6 /* AppointmentCell.swift */; };
		DE58D3CA1CECE0B30032CB9C /* JournalItem.swift in Sources */ = {isa = PBXBuildFile; fileRef = DE58D3C91CECE0B30032CB9C /* JournalItem.swift */; };
		DE62CFF91D14787E003ED54E /* FMDatabase.m in Sources */ = {isa = PBXBuildFile; fileRef = DE62CFF81D14787E003ED54E /* FMDatabase.m */; };
		DE62CFFD1D1479F3003ED54E /* FMResultSet.m in Sources */ = {isa = PBXBuildFile; fileRef = DE62CFFC1D1479F3003ED54E /* FMResultSet.m */; };
		DE62D0011D147AAD003ED54E /* FMDatabaseAdditions.m in Sources */ = {isa = PBXBuildFile; fileRef = DE62D0001D147AAD003ED54E /* FMDatabaseAdditions.m */; };
		DE62D0031D147B26003ED54E /* FMDatabaseQueue.m in Sources */ = {isa = PBXBuildFile; fileRef = DE62D0021D147B26003ED54E /* FMDatabaseQueue.m */; };
		DE62D0081D14861E003ED54E /* libsqlite3.0.tbd in Frameworks */ = {isa = PBXBuildFile; fileRef = DE62D0071D14861E003ED54E /* libsqlite3.0.tbd */; };
		DE62D00A1D148627003ED54E /* libsqlite3.tbd in Frameworks */ = {isa = PBXBuildFile; fileRef = DE62D0091D148627003ED54E /* libsqlite3.tbd */; };
		DE62D00C1D159987003ED54E /* DatabaseFunctions.swift in Sources */ = {isa = PBXBuildFile; fileRef = DE62D00B1D159987003ED54E /* DatabaseFunctions.swift */; };
		DE62D00E1D1B0066003ED54E /* TaskCell.swift in Sources */ = {isa = PBXBuildFile; fileRef = DE62D00D1D1B0066003ED54E /* TaskCell.swift */; };
		DE62D0121D1D8FF7003ED54E /* DatabaseFunctionsTest.swift in Sources */ = {isa = PBXBuildFile; fileRef = DE62D0111D1D8FF7003ED54E /* DatabaseFunctionsTest.swift */; };
		DE8E7D561D77E67B00C69B71 /* JournalCell.swift in Sources */ = {isa = PBXBuildFile; fileRef = DE8E7D551D77E67B00C69B71 /* JournalCell.swift */; };
		DE977CB51D5B507200A571A4 /* AlertTableViewCell.swift in Sources */ = {isa = PBXBuildFile; fileRef = DE977CB41D5B507200A571A4 /* AlertTableViewCell.swift */; };
		DEBE20531DD11D83009933C7 /* GoogleService-Info.plist in Resources */ = {isa = PBXBuildFile; fileRef = DEBE20521DD11D83009933C7 /* GoogleService-Info.plist */; };
		DEBE20541DD11D83009933C7 /* GoogleService-Info.plist in Resources */ = {isa = PBXBuildFile; fileRef = DEBE20521DD11D83009933C7 /* GoogleService-Info.plist */; };
		DEBE20551DD11D83009933C7 /* GoogleService-Info.plist in Resources */ = {isa = PBXBuildFile; fileRef = DEBE20521DD11D83009933C7 /* GoogleService-Info.plist */; };
		DEBE20581DD11F09009933C7 /* LoginViewController.swift in Sources */ = {isa = PBXBuildFile; fileRef = DEBE20571DD11F09009933C7 /* LoginViewController.swift */; };
		DEBE205C1DD12312009933C7 /* SignUpViewController.swift in Sources */ = {isa = PBXBuildFile; fileRef = DEBE205B1DD12312009933C7 /* SignUpViewController.swift */; };
		DEBE205E1DD1232C009933C7 /* ForgotPasswordViewController.swift in Sources */ = {isa = PBXBuildFile; fileRef = DEBE205D1DD1232C009933C7 /* ForgotPasswordViewController.swift */; };
		DEDB07821D5A2B4F00E32208 /* homeTaskTests.swift in Sources */ = {isa = PBXBuildFile; fileRef = DEDB07811D5A2B4F00E32208 /* homeTaskTests.swift */; };
		E759A587BCEE558A4B683337 /* Pods_CreativeCalendarTests.framework in Frameworks */ = {isa = PBXBuildFile; fileRef = 4CE431EAD256831BC6909CC4 /* Pods_CreativeCalendarTests.framework */; };
/* End PBXBuildFile section */

/* Begin PBXContainerItemProxy section */
		3F7115B61C5943F70071542F /* PBXContainerItemProxy */ = {
			isa = PBXContainerItemProxy;
			containerPortal = 3F7115961C5943F70071542F /* Project object */;
			proxyType = 1;
			remoteGlobalIDString = 3F71159D1C5943F70071542F;
			remoteInfo = CreativeCalendar;
		};
		DE25D7CC1D108DE0000D657D /* PBXContainerItemProxy */ = {
			isa = PBXContainerItemProxy;
			containerPortal = 3F7115961C5943F70071542F /* Project object */;
			proxyType = 1;
			remoteGlobalIDString = 3F71159D1C5943F70071542F;
			remoteInfo = CreativeCalendar;
		};
/* End PBXContainerItemProxy section */

/* Begin PBXCopyFilesBuildPhase section */
		DE4CAA781D2619F800197FEF /* Embed Frameworks */ = {
			isa = PBXCopyFilesBuildPhase;
			buildActionMask = 2147483647;
			dstPath = "";
			dstSubfolderSpec = 10;
			files = (
				DE4CAA771D2619F800197FEF /* Pods_CreativeCalendar.framework in Embed Frameworks */,
			);
			name = "Embed Frameworks";
			runOnlyForDeploymentPostprocessing = 0;
		};
/* End PBXCopyFilesBuildPhase section */

/* Begin PBXFileReference section */
		051AE4C2161DD3C925C735BB /* Pods-CreativeCalendarUITests.release.xcconfig */ = {isa = PBXFileReference; includeInIndex = 1; lastKnownFileType = text.xcconfig; name = "Pods-CreativeCalendarUITests.release.xcconfig"; path = "Pods/Target Support Files/Pods-CreativeCalendarUITests/Pods-CreativeCalendarUITests.release.xcconfig"; sourceTree = "<group>"; };
		3811EC370034D3B1B42F1349 /* Pods_CreativeCalendarUITests.framework */ = {isa = PBXFileReference; explicitFileType = wrapper.framework; includeInIndex = 0; path = Pods_CreativeCalendarUITests.framework; sourceTree = BUILT_PRODUCTS_DIR; };
		3F71159E1C5943F70071542F /* CreativeCalendar.app */ = {isa = PBXFileReference; explicitFileType = wrapper.application; includeInIndex = 0; path = CreativeCalendar.app; sourceTree = BUILT_PRODUCTS_DIR; };
		3F7115A21C5943F70071542F /* Info.plist */ = {isa = PBXFileReference; lastKnownFileType = text.plist.xml; path = Info.plist; sourceTree = "<group>"; };
		3F7115AC1C5943F70071542F /* Images.xcassets */ = {isa = PBXFileReference; lastKnownFileType = folder.assetcatalog; path = Images.xcassets; sourceTree = "<group>"; };
		3F7115AF1C5943F70071542F /* Base */ = {isa = PBXFileReference; lastKnownFileType = file.xib; name = Base; path = Base.lproj/LaunchScreen.xib; sourceTree = "<group>"; };
		3F7115B51C5943F70071542F /* CreativeCalendarTests.xctest */ = {isa = PBXFileReference; explicitFileType = wrapper.cfbundle; includeInIndex = 0; path = CreativeCalendarTests.xctest; sourceTree = BUILT_PRODUCTS_DIR; };
		3F7115BA1C5943F70071542F /* Info.plist */ = {isa = PBXFileReference; lastKnownFileType = text.plist.xml; path = Info.plist; sourceTree = "<group>"; };
		4CE431EAD256831BC6909CC4 /* Pods_CreativeCalendarTests.framework */ = {isa = PBXFileReference; explicitFileType = wrapper.framework; includeInIndex = 0; path = Pods_CreativeCalendarTests.framework; sourceTree = BUILT_PRODUCTS_DIR; };
		871144C1698231A7DF2CBE20 /* Pods_CreativeCalendar.framework */ = {isa = PBXFileReference; explicitFileType = wrapper.framework; includeInIndex = 0; path = Pods_CreativeCalendar.framework; sourceTree = BUILT_PRODUCTS_DIR; };
		CEC58869E415966FF0DA8DD0 /* Pods-CreativeCalendarTests.release.xcconfig */ = {isa = PBXFileReference; includeInIndex = 1; lastKnownFileType = text.xcconfig; name = "Pods-CreativeCalendarTests.release.xcconfig"; path = "Pods/Target Support Files/Pods-CreativeCalendarTests/Pods-CreativeCalendarTests.release.xcconfig"; sourceTree = "<group>"; };
		DE06631E1C6D321600DE42CA /* HomeViewController.swift */ = {isa = PBXFileReference; fileEncoding = 4; lastKnownFileType = sourcecode.swift; path = HomeViewController.swift; sourceTree = "<group>"; };
		DE1D2D431D4A613B0015EFF3 /* RepeatTableViewCell.swift */ = {isa = PBXFileReference; fileEncoding = 4; lastKnownFileType = sourcecode.swift; path = RepeatTableViewCell.swift; sourceTree = "<group>"; };
		DE25D7C71D108DE0000D657D /* CreativeCalendarUITests.xctest */ = {isa = PBXFileReference; explicitFileType = wrapper.cfbundle; includeInIndex = 0; path = CreativeCalendarUITests.xctest; sourceTree = BUILT_PRODUCTS_DIR; };
		DE25D7C91D108DE0000D657D /* CreativeCalendarUITests.swift */ = {isa = PBXFileReference; lastKnownFileType = sourcecode.swift; path = CreativeCalendarUITests.swift; sourceTree = "<group>"; };
		DE25D7CB1D108DE0000D657D /* Info.plist */ = {isa = PBXFileReference; lastKnownFileType = text.plist.xml; path = Info.plist; sourceTree = "<group>"; };
		DE2736251D05CF26000583A7 /* JournalTableViewController.swift */ = {isa = PBXFileReference; fileEncoding = 4; lastKnownFileType = sourcecode.swift; path = JournalTableViewController.swift; sourceTree = "<group>"; };
		DE2DCB4F1C6526EB004D3220 /* JournalViewController.swift */ = {isa = PBXFileReference; fileEncoding = 4; lastKnownFileType = sourcecode.swift; path = JournalViewController.swift; sourceTree = "<group>"; };
		DE2DCB521C652907004D3220 /* Base */ = {isa = PBXFileReference; lastKnownFileType = file.storyboard; name = Base; path = Base.lproj/Main.storyboard; sourceTree = "<group>"; };
		DE3649E91E05F0C000F33C8D /* LocalAuthentication.framework */ = {isa = PBXFileReference; lastKnownFileType = wrapper.framework; name = LocalAuthentication.framework; path = System/Library/Frameworks/LocalAuthentication.framework; sourceTree = SDKROOT; };
		DE3649F71E0F0BC400F33C8D /* JournalModelTest.swift */ = {isa = PBXFileReference; fileEncoding = 4; lastKnownFileType = sourcecode.swift; path = JournalModelTest.swift; sourceTree = "<group>"; };
		DE3649FD1E0F5C3B00F33C8D /* TaskModelTest.swift */ = {isa = PBXFileReference; fileEncoding = 4; lastKnownFileType = sourcecode.swift; path = TaskModelTest.swift; sourceTree = "<group>"; };
		DE3649FF1E0F5FAD00F33C8D /* AppointmentModelTest.swift */ = {isa = PBXFileReference; fileEncoding = 4; lastKnownFileType = sourcecode.swift; path = AppointmentModelTest.swift; sourceTree = "<group>"; };
		DE364A031E12F3E000F33C8D /* AppointmentTableViewCell.xib */ = {isa = PBXFileReference; fileEncoding = 4; lastKnownFileType = file.xib; path = AppointmentTableViewCell.xib; sourceTree = "<group>"; };
		DE364A071E12F5AE00F33C8D /* AppointmentTableCell.swift */ = {isa = PBXFileReference; fileEncoding = 4; lastKnownFileType = sourcecode.swift; path = AppointmentTableCell.swift; sourceTree = "<group>"; };
		DE364A091E13206800F33C8D /* TaskTableViewCell.xib */ = {isa = PBXFileReference; fileEncoding = 4; lastKnownFileType = file.xib; path = TaskTableViewCell.xib; sourceTree = "<group>"; };
		DE364A0B1E13214900F33C8D /* TaskTableCell.swift */ = {isa = PBXFileReference; fileEncoding = 4; lastKnownFileType = sourcecode.swift; path = TaskTableCell.swift; sourceTree = "<group>"; };
		DE364A0D1E13216C00F33C8D /* JournalTableViewCell.xib */ = {isa = PBXFileReference; fileEncoding = 4; lastKnownFileType = file.xib; path = JournalTableViewCell.xib; sourceTree = "<group>"; };
		DE364A0F1E1321DB00F33C8D /* JournalTableCell.swift */ = {isa = PBXFileReference; fileEncoding = 4; lastKnownFileType = sourcecode.swift; path = JournalTableCell.swift; sourceTree = "<group>"; };
		DE364A161E27EF8400F33C8D /* HomeJournalCell.swift */ = {isa = PBXFileReference; fileEncoding = 4; lastKnownFileType = sourcecode.swift; path = HomeJournalCell.swift; sourceTree = "<group>"; };
		DE41E91C1E280366001468D4 /* PasscodeLockViewController.swift */ = {isa = PBXFileReference; fileEncoding = 4; lastKnownFileType = sourcecode.swift; path = PasscodeLockViewController.swift; sourceTree = "<group>"; };
		DE41E91F1E283C51001468D4 /* UIScrollView+EmptyDataSet.h */ = {isa = PBXFileReference; fileEncoding = 4; lastKnownFileType = sourcecode.c.h; name = "UIScrollView+EmptyDataSet.h"; path = "../../../Downloads/DZNEmptyDataSet-master/Source/UIScrollView+EmptyDataSet.h"; sourceTree = "<group>"; };
		DE41E9201E283C51001468D4 /* UIScrollView+EmptyDataSet.m */ = {isa = PBXFileReference; fileEncoding = 4; lastKnownFileType = sourcecode.c.objc; name = "UIScrollView+EmptyDataSet.m"; path = "../../../Downloads/DZNEmptyDataSet-master/Source/UIScrollView+EmptyDataSet.m"; sourceTree = "<group>"; };
		DE4C0C251CC6D261000866DF /* AppointmentStaticTableController.swift */ = {isa = PBXFileReference; fileEncoding = 4; lastKnownFileType = sourcecode.swift; path = AppointmentStaticTableController.swift; sourceTree = "<group>"; };
		DE4C56781C6E817400D3DE8E /* AppointmentTableViewController.swift */ = {isa = PBXFileReference; fileEncoding = 4; lastKnownFileType = sourcecode.swift; name = AppointmentTableViewController.swift; path = ../AppointmentTableViewController.swift; sourceTree = "<group>"; };
		DE4C567A1C6E81A000D3DE8E /* TaskTableViewController.swift */ = {isa = PBXFileReference; fileEncoding = 4; lastKnownFileType = sourcecode.swift; name = TaskTableViewController.swift; path = ../TaskTableViewController.swift; sourceTree = "<group>"; };
		DE4CAA6C1D2437D600197FEF /* CalendarCell.swift */ = {isa = PBXFileReference; fileEncoding = 4; lastKnownFileType = sourcecode.swift; path = CalendarCell.swift; sourceTree = "<group>"; };
		DE4CAA701D243A9900197FEF /* CalendarHeaderView.swift */ = {isa = PBXFileReference; fileEncoding = 4; lastKnownFileType = sourcecode.swift; path = CalendarHeaderView.swift; sourceTree = "<group>"; };
		DE4CAA721D24679400197FEF /* CalendarViewController.swift */ = {isa = PBXFileReference; fileEncoding = 4; lastKnownFileType = sourcecode.swift; path = CalendarViewController.swift; sourceTree = "<group>"; };
		DE4CAA791D261F5D00197FEF /* CellView.xib */ = {isa = PBXFileReference; fileEncoding = 4; lastKnownFileType = file.xib; path = CellView.xib; sourceTree = "<group>"; };
		DE4CAA7D1D26FD2100197FEF /* HeaderView.xib */ = {isa = PBXFileReference; fileEncoding = 4; lastKnownFileType = file.xib; path = HeaderView.xib; sourceTree = "<group>"; };
		DE4D915F1CE7C57400CF89C4 /* TaskItem.swift */ = {isa = PBXFileReference; fileEncoding = 4; lastKnownFileType = sourcecode.swift; path = TaskItem.swift; sourceTree = "<group>"; };
		DE4D91651CE7D2A900CF89C4 /* TaskStaticTableViewController.swift */ = {isa = PBXFileReference; fileEncoding = 4; lastKnownFileType = sourcecode.swift; path = TaskStaticTableViewController.swift; sourceTree = "<group>"; };
		DE53893F1CD3B6B600DAC001 /* AppointmentItem.swift */ = {isa = PBXFileReference; fileEncoding = 4; lastKnownFileType = sourcecode.swift; path = AppointmentItem.swift; sourceTree = "<group>"; };
		DE539DA61CAEDFB0000615CD /* AppDelegate.swift */ = {isa = PBXFileReference; fileEncoding = 4; lastKnownFileType = sourcecode.swift; path = AppDelegate.swift; sourceTree = "<group>"; };
		DE53EF201CEA385C00E629A2 /* HomeTaskCell.swift */ = {isa = PBXFileReference; fileEncoding = 4; lastKnownFileType = sourcecode.swift; path = HomeTaskCell.swift; sourceTree = "<group>"; };
		DE53EF221CEA399200E629A2 /* HomeAppointmentCell.swift */ = {isa = PBXFileReference; fileEncoding = 4; lastKnownFileType = sourcecode.swift; path = HomeAppointmentCell.swift; sourceTree = "<group>"; };
		DE553AB01CE781B4006288E6 /* AppointmentCell.swift */ = {isa = PBXFileReference; fileEncoding = 4; lastKnownFileType = sourcecode.swift; path = AppointmentCell.swift; sourceTree = "<group>"; };
		DE58D3C91CECE0B30032CB9C /* JournalItem.swift */ = {isa = PBXFileReference; fileEncoding = 4; lastKnownFileType = sourcecode.swift; path = JournalItem.swift; sourceTree = "<group>"; };
		DE62CFF81D14787E003ED54E /* FMDatabase.m */ = {isa = PBXFileReference; fileEncoding = 4; lastKnownFileType = sourcecode.c.objc; path = FMDatabase.m; sourceTree = "<group>"; };
		DE62CFFA1D1478E0003ED54E /* FMDatabase.h */ = {isa = PBXFileReference; fileEncoding = 4; lastKnownFileType = sourcecode.c.h; path = FMDatabase.h; sourceTree = "<group>"; };
		DE62CFFB1D14797B003ED54E /* FMResultSet.h */ = {isa = PBXFileReference; fileEncoding = 4; lastKnownFileType = sourcecode.c.h; path = FMResultSet.h; sourceTree = "<group>"; };
		DE62CFFC1D1479F3003ED54E /* FMResultSet.m */ = {isa = PBXFileReference; fileEncoding = 4; lastKnownFileType = sourcecode.c.objc; path = FMResultSet.m; sourceTree = "<group>"; };
		DE62CFFF1D147A65003ED54E /* FMDatabaseAdditions.h */ = {isa = PBXFileReference; fileEncoding = 4; lastKnownFileType = sourcecode.c.h; path = FMDatabaseAdditions.h; sourceTree = "<group>"; };
		DE62D0001D147AAD003ED54E /* FMDatabaseAdditions.m */ = {isa = PBXFileReference; fileEncoding = 4; lastKnownFileType = sourcecode.c.objc; path = FMDatabaseAdditions.m; sourceTree = "<group>"; };
		DE62D0021D147B26003ED54E /* FMDatabaseQueue.m */ = {isa = PBXFileReference; fileEncoding = 4; lastKnownFileType = sourcecode.c.objc; path = FMDatabaseQueue.m; sourceTree = "<group>"; };
		DE62D0041D147B59003ED54E /* FMDatabaseQueue.h */ = {isa = PBXFileReference; fileEncoding = 4; lastKnownFileType = sourcecode.c.h; path = FMDatabaseQueue.h; sourceTree = "<group>"; };
		DE62D0051D147BCC003ED54E /* CreativeCalendar-Bridging-Header.h */ = {isa = PBXFileReference; fileEncoding = 4; lastKnownFileType = sourcecode.c.h; path = "CreativeCalendar-Bridging-Header.h"; sourceTree = "<group>"; };
		DE62D0061D148214003ED54E /* FMDB.h */ = {isa = PBXFileReference; fileEncoding = 4; lastKnownFileType = sourcecode.c.h; path = FMDB.h; sourceTree = "<group>"; };
		DE62D0071D14861E003ED54E /* libsqlite3.0.tbd */ = {isa = PBXFileReference; lastKnownFileType = "sourcecode.text-based-dylib-definition"; name = libsqlite3.0.tbd; path = usr/lib/libsqlite3.0.tbd; sourceTree = SDKROOT; };
		DE62D0091D148627003ED54E /* libsqlite3.tbd */ = {isa = PBXFileReference; lastKnownFileType = "sourcecode.text-based-dylib-definition"; name = libsqlite3.tbd; path = usr/lib/libsqlite3.tbd; sourceTree = SDKROOT; };
		DE62D00B1D159987003ED54E /* DatabaseFunctions.swift */ = {isa = PBXFileReference; fileEncoding = 4; lastKnownFileType = sourcecode.swift; path = DatabaseFunctions.swift; sourceTree = "<group>"; };
		DE62D00D1D1B0066003ED54E /* TaskCell.swift */ = {isa = PBXFileReference; fileEncoding = 4; lastKnownFileType = sourcecode.swift; path = TaskCell.swift; sourceTree = "<group>"; };
		DE62D0111D1D8FF7003ED54E /* DatabaseFunctionsTest.swift */ = {isa = PBXFileReference; fileEncoding = 4; lastKnownFileType = sourcecode.swift; path = DatabaseFunctionsTest.swift; sourceTree = "<group>"; };
		DE8E7D551D77E67B00C69B71 /* JournalCell.swift */ = {isa = PBXFileReference; fileEncoding = 4; lastKnownFileType = sourcecode.swift; path = JournalCell.swift; sourceTree = "<group>"; };
		DE977CB41D5B507200A571A4 /* AlertTableViewCell.swift */ = {isa = PBXFileReference; fileEncoding = 4; lastKnownFileType = sourcecode.swift; path = AlertTableViewCell.swift; sourceTree = "<group>"; };
		DEBE20521DD11D83009933C7 /* GoogleService-Info.plist */ = {isa = PBXFileReference; fileEncoding = 4; lastKnownFileType = text.plist.xml; path = "GoogleService-Info.plist"; sourceTree = "<group>"; };
		DEBE20571DD11F09009933C7 /* LoginViewController.swift */ = {isa = PBXFileReference; fileEncoding = 4; lastKnownFileType = sourcecode.swift; path = LoginViewController.swift; sourceTree = "<group>"; };
		DEBE205B1DD12312009933C7 /* SignUpViewController.swift */ = {isa = PBXFileReference; fileEncoding = 4; lastKnownFileType = sourcecode.swift; path = SignUpViewController.swift; sourceTree = "<group>"; };
		DEBE205D1DD1232C009933C7 /* ForgotPasswordViewController.swift */ = {isa = PBXFileReference; fileEncoding = 4; lastKnownFileType = sourcecode.swift; path = ForgotPasswordViewController.swift; sourceTree = "<group>"; };
		DEDB07811D5A2B4F00E32208 /* homeTaskTests.swift */ = {isa = PBXFileReference; fileEncoding = 4; lastKnownFileType = sourcecode.swift; path = homeTaskTests.swift; sourceTree = "<group>"; };
		E5179464284A4CF33184FC2A /* Pods-CreativeCalendar.release.xcconfig */ = {isa = PBXFileReference; includeInIndex = 1; lastKnownFileType = text.xcconfig; name = "Pods-CreativeCalendar.release.xcconfig"; path = "Pods/Target Support Files/Pods-CreativeCalendar/Pods-CreativeCalendar.release.xcconfig"; sourceTree = "<group>"; };
		E840C89384C96C8567B9F6A7 /* Pods-CreativeCalendar.debug.xcconfig */ = {isa = PBXFileReference; includeInIndex = 1; lastKnownFileType = text.xcconfig; name = "Pods-CreativeCalendar.debug.xcconfig"; path = "Pods/Target Support Files/Pods-CreativeCalendar/Pods-CreativeCalendar.debug.xcconfig"; sourceTree = "<group>"; };
		F631488F30927850A79E0F93 /* Pods-CreativeCalendarUITests.debug.xcconfig */ = {isa = PBXFileReference; includeInIndex = 1; lastKnownFileType = text.xcconfig; name = "Pods-CreativeCalendarUITests.debug.xcconfig"; path = "Pods/Target Support Files/Pods-CreativeCalendarUITests/Pods-CreativeCalendarUITests.debug.xcconfig"; sourceTree = "<group>"; };
		F9201D9C8811AF0388389D2F /* Pods-CreativeCalendarTests.debug.xcconfig */ = {isa = PBXFileReference; includeInIndex = 1; lastKnownFileType = text.xcconfig; name = "Pods-CreativeCalendarTests.debug.xcconfig"; path = "Pods/Target Support Files/Pods-CreativeCalendarTests/Pods-CreativeCalendarTests.debug.xcconfig"; sourceTree = "<group>"; };
/* End PBXFileReference section */

/* Begin PBXFrameworksBuildPhase section */
		3F71159B1C5943F70071542F /* Frameworks */ = {
			isa = PBXFrameworksBuildPhase;
			buildActionMask = 2147483647;
			files = (
				DE3649EA1E05F0C000F33C8D /* LocalAuthentication.framework in Frameworks */,
				DE62D00A1D148627003ED54E /* libsqlite3.tbd in Frameworks */,
				DE62D0081D14861E003ED54E /* libsqlite3.0.tbd in Frameworks */,
				0ACF28314FCEA69D26F551DD /* Pods_CreativeCalendar.framework in Frameworks */,
			);
			runOnlyForDeploymentPostprocessing = 0;
		};
		3F7115B21C5943F70071542F /* Frameworks */ = {
			isa = PBXFrameworksBuildPhase;
			buildActionMask = 2147483647;
			files = (
				E759A587BCEE558A4B683337 /* Pods_CreativeCalendarTests.framework in Frameworks */,
			);
			runOnlyForDeploymentPostprocessing = 0;
		};
		DE25D7C41D108DE0000D657D /* Frameworks */ = {
			isa = PBXFrameworksBuildPhase;
			buildActionMask = 2147483647;
			files = (
				02AB53C8981604194BF579BB /* Pods_CreativeCalendarUITests.framework in Frameworks */,
			);
			runOnlyForDeploymentPostprocessing = 0;
		};
/* End PBXFrameworksBuildPhase section */

/* Begin PBXGroup section */
		376BFB4DBA43BA07BB04A333 /* Frameworks */ = {
			isa = PBXGroup;
			children = (
				DE3649E91E05F0C000F33C8D /* LocalAuthentication.framework */,
				871144C1698231A7DF2CBE20 /* Pods_CreativeCalendar.framework */,
				4CE431EAD256831BC6909CC4 /* Pods_CreativeCalendarTests.framework */,
				3811EC370034D3B1B42F1349 /* Pods_CreativeCalendarUITests.framework */,
			);
			name = Frameworks;
			sourceTree = "<group>";
		};
		3F7115951C5943F70071542F = {
			isa = PBXGroup;
			children = (
				DE62D0091D148627003ED54E /* libsqlite3.tbd */,
				DE62D0071D14861E003ED54E /* libsqlite3.0.tbd */,
				3F7115A01C5943F70071542F /* CreativeCalendar */,
				3F7115B81C5943F70071542F /* CreativeCalendarTests */,
				DE25D7C81D108DE0000D657D /* CreativeCalendarUITests */,
				3F71159F1C5943F70071542F /* Products */,
				C56AB52C36B6253744E4AEC9 /* Pods */,
				376BFB4DBA43BA07BB04A333 /* Frameworks */,
			);
			sourceTree = "<group>";
		};
		3F71159F1C5943F70071542F /* Products */ = {
			isa = PBXGroup;
			children = (
				3F71159E1C5943F70071542F /* CreativeCalendar.app */,
				3F7115B51C5943F70071542F /* CreativeCalendarTests.xctest */,
				DE25D7C71D108DE0000D657D /* CreativeCalendarUITests.xctest */,
			);
			name = Products;
			sourceTree = "<group>";
		};
		3F7115A01C5943F70071542F /* CreativeCalendar */ = {
			isa = PBXGroup;
			children = (
				DE539DA61CAEDFB0000615CD /* AppDelegate.swift */,
				DE3649F31E0EFA2900F33C8D /* ViewControllers */,
				DE3649F21E0EFA0F00F33C8D /* Database */,
				DE3649F01E0EF88C00F33C8D /* Login */,
				DE3649EF1E0EF82D00F33C8D /* Calendar */,
				DE3649EE1E0EF7A600F33C8D /* Cells */,
				DE3649ED1E0EF73500F33C8D /* Models */,
				DE4CAA791D261F5D00197FEF /* CellView.xib */,
				DE364A031E12F3E000F33C8D /* AppointmentTableViewCell.xib */,
				DE364A091E13206800F33C8D /* TaskTableViewCell.xib */,
				DE364A0D1E13216C00F33C8D /* JournalTableViewCell.xib */,
				DE4CAA7D1D26FD2100197FEF /* HeaderView.xib */,
				DE2DCB511C652907004D3220 /* Main.storyboard */,
				DEBE20521DD11D83009933C7 /* GoogleService-Info.plist */,
				3F7115AC1C5943F70071542F /* Images.xcassets */,
				3F7115AE1C5943F70071542F /* LaunchScreen.xib */,
				DE41E91E1E283C13001468D4 /* DZNEmptyDataSet */,
				DE3649F11E0EF9BF00F33C8D /* FMDB */,
				3F7115A11C5943F70071542F /* Supporting Files */,
			);
			path = CreativeCalendar;
			sourceTree = "<group>";
		};
		3F7115A11C5943F70071542F /* Supporting Files */ = {
			isa = PBXGroup;
			children = (
				3F7115A21C5943F70071542F /* Info.plist */,
			);
			name = "Supporting Files";
			sourceTree = "<group>";
		};
		3F7115B81C5943F70071542F /* CreativeCalendarTests */ = {
			isa = PBXGroup;
			children = (
				DE3649FF1E0F5FAD00F33C8D /* AppointmentModelTest.swift */,
				DE3649FD1E0F5C3B00F33C8D /* TaskModelTest.swift */,
				3F7115B91C5943F70071542F /* Supporting Files */,
				DE62D0111D1D8FF7003ED54E /* DatabaseFunctionsTest.swift */,
				DE3649F71E0F0BC400F33C8D /* JournalModelTest.swift */,
			);
			path = CreativeCalendarTests;
			sourceTree = "<group>";
		};
		3F7115B91C5943F70071542F /* Supporting Files */ = {
			isa = PBXGroup;
			children = (
				3F7115BA1C5943F70071542F /* Info.plist */,
			);
			name = "Supporting Files";
			sourceTree = "<group>";
		};
		C56AB52C36B6253744E4AEC9 /* Pods */ = {
			isa = PBXGroup;
			children = (
				E840C89384C96C8567B9F6A7 /* Pods-CreativeCalendar.debug.xcconfig */,
				E5179464284A4CF33184FC2A /* Pods-CreativeCalendar.release.xcconfig */,
				F9201D9C8811AF0388389D2F /* Pods-CreativeCalendarTests.debug.xcconfig */,
				CEC58869E415966FF0DA8DD0 /* Pods-CreativeCalendarTests.release.xcconfig */,
				F631488F30927850A79E0F93 /* Pods-CreativeCalendarUITests.debug.xcconfig */,
				051AE4C2161DD3C925C735BB /* Pods-CreativeCalendarUITests.release.xcconfig */,
			);
			name = Pods;
			sourceTree = "<group>";
		};
		DE25D7C81D108DE0000D657D /* CreativeCalendarUITests */ = {
			isa = PBXGroup;
			children = (
				DEDB07811D5A2B4F00E32208 /* homeTaskTests.swift */,
				DE25D7C91D108DE0000D657D /* CreativeCalendarUITests.swift */,
				DE25D7CB1D108DE0000D657D /* Info.plist */,
			);
			path = CreativeCalendarUITests;
			sourceTree = "<group>";
		};
		DE3649ED1E0EF73500F33C8D /* Models */ = {
			isa = PBXGroup;
			children = (
				DE53893F1CD3B6B600DAC001 /* AppointmentItem.swift */,
				DE4D915F1CE7C57400CF89C4 /* TaskItem.swift */,
				DE58D3C91CECE0B30032CB9C /* JournalItem.swift */,
			);
			name = Models;
			sourceTree = "<group>";
		};
		DE3649EE1E0EF7A600F33C8D /* Cells */ = {
			isa = PBXGroup;
			children = (
				DE553AB01CE781B4006288E6 /* AppointmentCell.swift */,
				DE62D00D1D1B0066003ED54E /* TaskCell.swift */,
				DE8E7D551D77E67B00C69B71 /* JournalCell.swift */,
				DE364A071E12F5AE00F33C8D /* AppointmentTableCell.swift */,
				DE364A0B1E13214900F33C8D /* TaskTableCell.swift */,
				DE364A0F1E1321DB00F33C8D /* JournalTableCell.swift */,
				DE53EF221CEA399200E629A2 /* HomeAppointmentCell.swift */,
				DE53EF201CEA385C00E629A2 /* HomeTaskCell.swift */,
				DE364A161E27EF8400F33C8D /* HomeJournalCell.swift */,
				DE977CB41D5B507200A571A4 /* AlertTableViewCell.swift */,
				DE1D2D431D4A613B0015EFF3 /* RepeatTableViewCell.swift */,
			);
			name = Cells;
			sourceTree = "<group>";
		};
		DE3649EF1E0EF82D00F33C8D /* Calendar */ = {
			isa = PBXGroup;
			children = (
				DE4CAA701D243A9900197FEF /* CalendarHeaderView.swift */,
				DE4CAA6C1D2437D600197FEF /* CalendarCell.swift */,
				DE4CAA721D24679400197FEF /* CalendarViewController.swift */,
			);
			name = Calendar;
			sourceTree = "<group>";
		};
		DE3649F01E0EF88C00F33C8D /* Login */ = {
			isa = PBXGroup;
			children = (
				DEBE20571DD11F09009933C7 /* LoginViewController.swift */,
				DEBE205D1DD1232C009933C7 /* ForgotPasswordViewController.swift */,
				DEBE205B1DD12312009933C7 /* SignUpViewController.swift */,
				DE41E91C1E280366001468D4 /* PasscodeLockViewController.swift */,
			);
			name = Login;
			sourceTree = "<group>";
		};
		DE3649F11E0EF9BF00F33C8D /* FMDB */ = {
			isa = PBXGroup;
			children = (
				DE62CFF81D14787E003ED54E /* FMDatabase.m */,
				DE62CFFA1D1478E0003ED54E /* FMDatabase.h */,
				DE62CFFB1D14797B003ED54E /* FMResultSet.h */,
				DE62CFFC1D1479F3003ED54E /* FMResultSet.m */,
				DE62CFFF1D147A65003ED54E /* FMDatabaseAdditions.h */,
				DE62D0001D147AAD003ED54E /* FMDatabaseAdditions.m */,
				DE62D0021D147B26003ED54E /* FMDatabaseQueue.m */,
				DE62D0041D147B59003ED54E /* FMDatabaseQueue.h */,
				DE62D0061D148214003ED54E /* FMDB.h */,
				DE62D0051D147BCC003ED54E /* CreativeCalendar-Bridging-Header.h */,
			);
			name = FMDB;
			sourceTree = "<group>";
		};
		DE3649F21E0EFA0F00F33C8D /* Database */ = {
			isa = PBXGroup;
			children = (
				DE62D00B1D159987003ED54E /* DatabaseFunctions.swift */,
			);
			name = Database;
			sourceTree = "<group>";
		};
		DE3649F31E0EFA2900F33C8D /* ViewControllers */ = {
			isa = PBXGroup;
			children = (
				DE06631E1C6D321600DE42CA /* HomeViewController.swift */,
				DE4C56781C6E817400D3DE8E /* AppointmentTableViewController.swift */,
				DE4C0C251CC6D261000866DF /* AppointmentStaticTableController.swift */,
				DE4C567A1C6E81A000D3DE8E /* TaskTableViewController.swift */,
				DE4D91651CE7D2A900CF89C4 /* TaskStaticTableViewController.swift */,
				DE2736251D05CF26000583A7 /* JournalTableViewController.swift */,
				DE2DCB4F1C6526EB004D3220 /* JournalViewController.swift */,
			);
			name = ViewControllers;
			sourceTree = "<group>";
		};
		DE41E91E1E283C13001468D4 /* DZNEmptyDataSet */ = {
			isa = PBXGroup;
			children = (
				DE41E91F1E283C51001468D4 /* UIScrollView+EmptyDataSet.h */,
				DE41E9201E283C51001468D4 /* UIScrollView+EmptyDataSet.m */,
			);
			name = DZNEmptyDataSet;
			sourceTree = "<group>";
		};
/* End PBXGroup section */

/* Begin PBXNativeTarget section */
		3F71159D1C5943F70071542F /* CreativeCalendar */ = {
			isa = PBXNativeTarget;
			buildConfigurationList = 3F7115BF1C5943F70071542F /* Build configuration list for PBXNativeTarget "CreativeCalendar" */;
			buildPhases = (
				CF8395C1949E288CB44EC5E3 /* [CP] Check Pods Manifest.lock */,
				3F71159A1C5943F70071542F /* Sources */,
				3F71159B1C5943F70071542F /* Frameworks */,
				3F71159C1C5943F70071542F /* Resources */,
				4175A3D07DE93875A703CFB9 /* [CP] Embed Pods Frameworks */,
				E7B387342D8A1DE77EE16AE3 /* [CP] Copy Pods Resources */,
				DE4CAA781D2619F800197FEF /* Embed Frameworks */,
			);
			buildRules = (
			);
			dependencies = (
			);
			name = CreativeCalendar;
			productName = CreativeCalendar;
			productReference = 3F71159E1C5943F70071542F /* CreativeCalendar.app */;
			productType = "com.apple.product-type.application";
		};
		3F7115B41C5943F70071542F /* CreativeCalendarTests */ = {
			isa = PBXNativeTarget;
			buildConfigurationList = 3F7115C21C5943F70071542F /* Build configuration list for PBXNativeTarget "CreativeCalendarTests" */;
			buildPhases = (
				3025DECF0E93A0694ECA6D16 /* [CP] Check Pods Manifest.lock */,
				3F7115B11C5943F70071542F /* Sources */,
				3F7115B21C5943F70071542F /* Frameworks */,
				3F7115B31C5943F70071542F /* Resources */,
				9707ED29D842723C760EDD3E /* [CP] Embed Pods Frameworks */,
				F0C5D5B4A52BB64B8C96543A /* [CP] Copy Pods Resources */,
			);
			buildRules = (
			);
			dependencies = (
				3F7115B71C5943F70071542F /* PBXTargetDependency */,
			);
			name = CreativeCalendarTests;
			productName = CreativeCalendarTests;
			productReference = 3F7115B51C5943F70071542F /* CreativeCalendarTests.xctest */;
			productType = "com.apple.product-type.bundle.unit-test";
		};
		DE25D7C61D108DE0000D657D /* CreativeCalendarUITests */ = {
			isa = PBXNativeTarget;
			buildConfigurationList = DE25D7CE1D108DE0000D657D /* Build configuration list for PBXNativeTarget "CreativeCalendarUITests" */;
			buildPhases = (
				7F79675E532FB024F3458172 /* [CP] Check Pods Manifest.lock */,
				DE25D7C31D108DE0000D657D /* Sources */,
				DE25D7C41D108DE0000D657D /* Frameworks */,
				DE25D7C51D108DE0000D657D /* Resources */,
				096C51562A15F452283633A5 /* [CP] Copy Pods Resources */,
			);
			buildRules = (
			);
			dependencies = (
				DE25D7CD1D108DE0000D657D /* PBXTargetDependency */,
			);
			name = CreativeCalendarUITests;
			productName = CreativeCalendarUITests;
			productReference = DE25D7C71D108DE0000D657D /* CreativeCalendarUITests.xctest */;
			productType = "com.apple.product-type.bundle.ui-testing";
		};
/* End PBXNativeTarget section */

/* Begin PBXProject section */
		3F7115961C5943F70071542F /* Project object */ = {
			isa = PBXProject;
			attributes = {
				LastSwiftMigration = 0730;
				LastSwiftUpdateCheck = 0730;
				LastUpgradeCheck = 0800;
				ORGANIZATIONNAME = "Wes Bosman";
				TargetAttributes = {
					3F71159D1C5943F70071542F = {
						CreatedOnToolsVersion = 6.3.2;
						DevelopmentTeam = GV7EE9PX98;
						LastSwiftMigration = 0800;
					};
					3F7115B41C5943F70071542F = {
						CreatedOnToolsVersion = 6.3.2;
						LastSwiftMigration = 0800;
						TestTargetID = 3F71159D1C5943F70071542F;
					};
					DE25D7C61D108DE0000D657D = {
						CreatedOnToolsVersion = 7.3.1;
						LastSwiftMigration = 0800;
						TestTargetID = 3F71159D1C5943F70071542F;
					};
				};
			};
			buildConfigurationList = 3F7115991C5943F70071542F /* Build configuration list for PBXProject "CreativeCalendar" */;
			compatibilityVersion = "Xcode 3.2";
			developmentRegion = English;
			hasScannedForEncodings = 0;
			knownRegions = (
				en,
				Base,
			);
			mainGroup = 3F7115951C5943F70071542F;
			productRefGroup = 3F71159F1C5943F70071542F /* Products */;
			projectDirPath = "";
			projectRoot = "";
			targets = (
				3F71159D1C5943F70071542F /* CreativeCalendar */,
				3F7115B41C5943F70071542F /* CreativeCalendarTests */,
				DE25D7C61D108DE0000D657D /* CreativeCalendarUITests */,
			);
		};
/* End PBXProject section */

/* Begin PBXResourcesBuildPhase section */
		3F71159C1C5943F70071542F /* Resources */ = {
			isa = PBXResourcesBuildPhase;
			buildActionMask = 2147483647;
			files = (
				DE364A0E1E13216C00F33C8D /* JournalTableViewCell.xib in Resources */,
				DE4CAA7A1D261F5D00197FEF /* CellView.xib in Resources */,
				DE4CAA7E1D26FD2100197FEF /* HeaderView.xib in Resources */,
				3F7115B01C5943F70071542F /* LaunchScreen.xib in Resources */,
				DE364A041E12F3E000F33C8D /* AppointmentTableViewCell.xib in Resources */,
				DE364A0A1E13206800F33C8D /* TaskTableViewCell.xib in Resources */,
				3F7115AD1C5943F70071542F /* Images.xcassets in Resources */,
				DE2DCB531C652907004D3220 /* Main.storyboard in Resources */,
				DEBE20531DD11D83009933C7 /* GoogleService-Info.plist in Resources */,
			);
			runOnlyForDeploymentPostprocessing = 0;
		};
		3F7115B31C5943F70071542F /* Resources */ = {
			isa = PBXResourcesBuildPhase;
			buildActionMask = 2147483647;
			files = (
				DEBE20541DD11D83009933C7 /* GoogleService-Info.plist in Resources */,
			);
			runOnlyForDeploymentPostprocessing = 0;
		};
		DE25D7C51D108DE0000D657D /* Resources */ = {
			isa = PBXResourcesBuildPhase;
			buildActionMask = 2147483647;
			files = (
				DEBE20551DD11D83009933C7 /* GoogleService-Info.plist in Resources */,
			);
			runOnlyForDeploymentPostprocessing = 0;
		};
/* End PBXResourcesBuildPhase section */

/* Begin PBXShellScriptBuildPhase section */
		096C51562A15F452283633A5 /* [CP] Copy Pods Resources */ = {
			isa = PBXShellScriptBuildPhase;
			buildActionMask = 2147483647;
			files = (
			);
			inputPaths = (
			);
			name = "[CP] Copy Pods Resources";
			outputPaths = (
			);
			runOnlyForDeploymentPostprocessing = 0;
			shellPath = /bin/sh;
			shellScript = "\"${SRCROOT}/Pods/Target Support Files/Pods-CreativeCalendarUITests/Pods-CreativeCalendarUITests-resources.sh\"\n";
			showEnvVarsInLog = 0;
		};
		3025DECF0E93A0694ECA6D16 /* [CP] Check Pods Manifest.lock */ = {
			isa = PBXShellScriptBuildPhase;
			buildActionMask = 2147483647;
			files = (
			);
			inputPaths = (
			);
			name = "[CP] Check Pods Manifest.lock";
			outputPaths = (
			);
			runOnlyForDeploymentPostprocessing = 0;
			shellPath = /bin/sh;
			shellScript = "diff \"${PODS_ROOT}/../Podfile.lock\" \"${PODS_ROOT}/Manifest.lock\" > /dev/null\nif [[ $? != 0 ]] ; then\n    cat << EOM\nerror: The sandbox is not in sync with the Podfile.lock. Run 'pod install' or update your CocoaPods installation.\nEOM\n    exit 1\nfi\n";
			showEnvVarsInLog = 0;
		};
		4175A3D07DE93875A703CFB9 /* [CP] Embed Pods Frameworks */ = {
			isa = PBXShellScriptBuildPhase;
			buildActionMask = 2147483647;
			files = (
			);
			inputPaths = (
			);
			name = "[CP] Embed Pods Frameworks";
			outputPaths = (
			);
			runOnlyForDeploymentPostprocessing = 0;
			shellPath = /bin/sh;
			shellScript = "\"${SRCROOT}/Pods/Target Support Files/Pods-CreativeCalendar/Pods-CreativeCalendar-frameworks.sh\"\n";
			showEnvVarsInLog = 0;
		};
		7F79675E532FB024F3458172 /* [CP] Check Pods Manifest.lock */ = {
			isa = PBXShellScriptBuildPhase;
			buildActionMask = 2147483647;
			files = (
			);
			inputPaths = (
			);
			name = "[CP] Check Pods Manifest.lock";
			outputPaths = (
			);
			runOnlyForDeploymentPostprocessing = 0;
			shellPath = /bin/sh;
			shellScript = "diff \"${PODS_ROOT}/../Podfile.lock\" \"${PODS_ROOT}/Manifest.lock\" > /dev/null\nif [[ $? != 0 ]] ; then\n    cat << EOM\nerror: The sandbox is not in sync with the Podfile.lock. Run 'pod install' or update your CocoaPods installation.\nEOM\n    exit 1\nfi\n";
			showEnvVarsInLog = 0;
		};
		9707ED29D842723C760EDD3E /* [CP] Embed Pods Frameworks */ = {
			isa = PBXShellScriptBuildPhase;
			buildActionMask = 2147483647;
			files = (
			);
			inputPaths = (
			);
			name = "[CP] Embed Pods Frameworks";
			outputPaths = (
			);
			runOnlyForDeploymentPostprocessing = 0;
			shellPath = /bin/sh;
			shellScript = "\"${SRCROOT}/Pods/Target Support Files/Pods-CreativeCalendarTests/Pods-CreativeCalendarTests-frameworks.sh\"\n";
			showEnvVarsInLog = 0;
		};
		CF8395C1949E288CB44EC5E3 /* [CP] Check Pods Manifest.lock */ = {
			isa = PBXShellScriptBuildPhase;
			buildActionMask = 2147483647;
			files = (
			);
			inputPaths = (
			);
			name = "[CP] Check Pods Manifest.lock";
			outputPaths = (
			);
			runOnlyForDeploymentPostprocessing = 0;
			shellPath = /bin/sh;
			shellScript = "diff \"${PODS_ROOT}/../Podfile.lock\" \"${PODS_ROOT}/Manifest.lock\" > /dev/null\nif [[ $? != 0 ]] ; then\n    cat << EOM\nerror: The sandbox is not in sync with the Podfile.lock. Run 'pod install' or update your CocoaPods installation.\nEOM\n    exit 1\nfi\n";
			showEnvVarsInLog = 0;
		};
		E7B387342D8A1DE77EE16AE3 /* [CP] Copy Pods Resources */ = {
			isa = PBXShellScriptBuildPhase;
			buildActionMask = 2147483647;
			files = (
			);
			inputPaths = (
			);
			name = "[CP] Copy Pods Resources";
			outputPaths = (
			);
			runOnlyForDeploymentPostprocessing = 0;
			shellPath = /bin/sh;
			shellScript = "\"${SRCROOT}/Pods/Target Support Files/Pods-CreativeCalendar/Pods-CreativeCalendar-resources.sh\"\n";
			showEnvVarsInLog = 0;
		};
		F0C5D5B4A52BB64B8C96543A /* [CP] Copy Pods Resources */ = {
			isa = PBXShellScriptBuildPhase;
			buildActionMask = 2147483647;
			files = (
			);
			inputPaths = (
			);
			name = "[CP] Copy Pods Resources";
			outputPaths = (
			);
			runOnlyForDeploymentPostprocessing = 0;
			shellPath = /bin/sh;
			shellScript = "\"${SRCROOT}/Pods/Target Support Files/Pods-CreativeCalendarTests/Pods-CreativeCalendarTests-resources.sh\"\n";
			showEnvVarsInLog = 0;
		};
/* End PBXShellScriptBuildPhase section */

/* Begin PBXSourcesBuildPhase section */
		3F71159A1C5943F70071542F /* Sources */ = {
			isa = PBXSourcesBuildPhase;
			buildActionMask = 2147483647;
			files = (
				DEBE205E1DD1232C009933C7 /* ForgotPasswordViewController.swift in Sources */,
				DE4D91661CE7D2A900CF89C4 /* TaskStaticTableViewController.swift in Sources */,
				DE4CAA731D24679400197FEF /* CalendarViewController.swift in Sources */,
				DE62CFF91D14787E003ED54E /* FMDatabase.m in Sources */,
				DE53EF211CEA385C00E629A2 /* HomeTaskCell.swift in Sources */,
				DE553AB11CE781B4006288E6 /* AppointmentCell.swift in Sources */,
				DE41E91D1E280366001468D4 /* PasscodeLockViewController.swift in Sources */,
				DE62D0011D147AAD003ED54E /* FMDatabaseAdditions.m in Sources */,
				DE8E7D561D77E67B00C69B71 /* JournalCell.swift in Sources */,
				DE4D91601CE7C57400CF89C4 /* TaskItem.swift in Sources */,
				DE977CB51D5B507200A571A4 /* AlertTableViewCell.swift in Sources */,
				DE58D3CA1CECE0B30032CB9C /* JournalItem.swift in Sources */,
				DE364A081E12F5AE00F33C8D /* AppointmentTableCell.swift in Sources */,
				DE539DA71CAEDFB0000615CD /* AppDelegate.swift in Sources */,
				DE4C567B1C6E81A000D3DE8E /* TaskTableViewController.swift in Sources */,
				DE364A0C1E13214900F33C8D /* TaskTableCell.swift in Sources */,
				DE06631F1C6D321600DE42CA /* HomeViewController.swift in Sources */,
				DE53EF231CEA399200E629A2 /* HomeAppointmentCell.swift in Sources */,
				DE364A101E1321DB00F33C8D /* JournalTableCell.swift in Sources */,
				DE4C0C261CC6D261000866DF /* AppointmentStaticTableController.swift in Sources */,
				DEBE205C1DD12312009933C7 /* SignUpViewController.swift in Sources */,
				DE62D00E1D1B0066003ED54E /* TaskCell.swift in Sources */,
				DE62CFFD1D1479F3003ED54E /* FMResultSet.m in Sources */,
				DEBE20581DD11F09009933C7 /* LoginViewController.swift in Sources */,
				DE62D00C1D159987003ED54E /* DatabaseFunctions.swift in Sources */,
				DE4C56791C6E817400D3DE8E /* AppointmentTableViewController.swift in Sources */,
				DE1D2D441D4A613B0015EFF3 /* RepeatTableViewCell.swift in Sources */,
				DE5389401CD3B6B600DAC001 /* AppointmentItem.swift in Sources */,
				DE4CAA6D1D2437D600197FEF /* CalendarCell.swift in Sources */,
				DE62D0031D147B26003ED54E /* FMDatabaseQueue.m in Sources */,
				DE2736261D05CF26000583A7 /* JournalTableViewController.swift in Sources */,
				DE4CAA711D243A9900197FEF /* CalendarHeaderView.swift in Sources */,
				DE364A171E27EF8400F33C8D /* HomeJournalCell.swift in Sources */,
				DE2DCB501C6526EB004D3220 /* JournalViewController.swift in Sources */,
				DE41E9211E283C51001468D4 /* UIScrollView+EmptyDataSet.m in Sources */,
			);
			runOnlyForDeploymentPostprocessing = 0;
		};
		3F7115B11C5943F70071542F /* Sources */ = {
			isa = PBXSourcesBuildPhase;
			buildActionMask = 2147483647;
			files = (
				DE62D0121D1D8FF7003ED54E /* DatabaseFunctionsTest.swift in Sources */,
				DE364A001E0F5FAD00F33C8D /* AppointmentModelTest.swift in Sources */,
				DE3649F81E0F0BC400F33C8D /* JournalModelTest.swift in Sources */,
				DE3649FE1E0F5C3B00F33C8D /* TaskModelTest.swift in Sources */,
			);
			runOnlyForDeploymentPostprocessing = 0;
		};
		DE25D7C31D108DE0000D657D /* Sources */ = {
			isa = PBXSourcesBuildPhase;
			buildActionMask = 2147483647;
			files = (
				DE25D7CA1D108DE0000D657D /* CreativeCalendarUITests.swift in Sources */,
				DEDB07821D5A2B4F00E32208 /* homeTaskTests.swift in Sources */,
			);
			runOnlyForDeploymentPostprocessing = 0;
		};
/* End PBXSourcesBuildPhase section */

/* Begin PBXTargetDependency section */
		3F7115B71C5943F70071542F /* PBXTargetDependency */ = {
			isa = PBXTargetDependency;
			target = 3F71159D1C5943F70071542F /* CreativeCalendar */;
			targetProxy = 3F7115B61C5943F70071542F /* PBXContainerItemProxy */;
		};
		DE25D7CD1D108DE0000D657D /* PBXTargetDependency */ = {
			isa = PBXTargetDependency;
			target = 3F71159D1C5943F70071542F /* CreativeCalendar */;
			targetProxy = DE25D7CC1D108DE0000D657D /* PBXContainerItemProxy */;
		};
/* End PBXTargetDependency section */

/* Begin PBXVariantGroup section */
		3F7115AE1C5943F70071542F /* LaunchScreen.xib */ = {
			isa = PBXVariantGroup;
			children = (
				3F7115AF1C5943F70071542F /* Base */,
			);
			name = LaunchScreen.xib;
			sourceTree = "<group>";
		};
		DE2DCB511C652907004D3220 /* Main.storyboard */ = {
			isa = PBXVariantGroup;
			children = (
				DE2DCB521C652907004D3220 /* Base */,
			);
			name = Main.storyboard;
			sourceTree = "<group>";
		};
/* End PBXVariantGroup section */

/* Begin XCBuildConfiguration section */
		3F7115BD1C5943F70071542F /* Debug */ = {
			isa = XCBuildConfiguration;
			buildSettings = {
				ALWAYS_SEARCH_USER_PATHS = NO;
				CLANG_CXX_LANGUAGE_STANDARD = "gnu++0x";
				CLANG_CXX_LIBRARY = "libc++";
				CLANG_ENABLE_MODULES = YES;
				CLANG_ENABLE_OBJC_ARC = YES;
				CLANG_WARN_BOOL_CONVERSION = YES;
				CLANG_WARN_CONSTANT_CONVERSION = YES;
				CLANG_WARN_DIRECT_OBJC_ISA_USAGE = YES_ERROR;
				CLANG_WARN_EMPTY_BODY = YES;
				CLANG_WARN_ENUM_CONVERSION = YES;
				CLANG_WARN_INFINITE_RECURSION = YES;
				CLANG_WARN_INT_CONVERSION = YES;
				CLANG_WARN_OBJC_ROOT_CLASS = YES_ERROR;
				CLANG_WARN_SUSPICIOUS_MOVE = YES;
				CLANG_WARN_UNREACHABLE_CODE = YES;
				CLANG_WARN__DUPLICATE_METHOD_MATCH = YES;
				"CODE_SIGN_IDENTITY[sdk=iphoneos*]" = "iPhone Developer";
				COPY_PHASE_STRIP = NO;
				DEBUG_INFORMATION_FORMAT = "dwarf-with-dsym";
				ENABLE_STRICT_OBJC_MSGSEND = YES;
				ENABLE_TESTABILITY = YES;
				GCC_C_LANGUAGE_STANDARD = gnu99;
				GCC_DYNAMIC_NO_PIC = NO;
				GCC_NO_COMMON_BLOCKS = YES;
				GCC_OPTIMIZATION_LEVEL = 0;
				GCC_PREPROCESSOR_DEFINITIONS = (
					"DEBUG=1",
					"$(inherited)",
				);
				GCC_SYMBOLS_PRIVATE_EXTERN = NO;
				GCC_WARN_64_TO_32_BIT_CONVERSION = YES;
				GCC_WARN_ABOUT_RETURN_TYPE = YES_ERROR;
				GCC_WARN_UNDECLARED_SELECTOR = YES;
				GCC_WARN_UNINITIALIZED_AUTOS = YES_AGGRESSIVE;
				GCC_WARN_UNUSED_FUNCTION = YES;
				GCC_WARN_UNUSED_VARIABLE = YES;
				IPHONEOS_DEPLOYMENT_TARGET = 9.2;
				MTL_ENABLE_DEBUG_INFO = YES;
				ONLY_ACTIVE_ARCH = YES;
				SDKROOT = iphoneos;
				SWIFT_OPTIMIZATION_LEVEL = "-Onone";
				TARGETED_DEVICE_FAMILY = 2;
			};
			name = Debug;
		};
		3F7115BE1C5943F70071542F /* Release */ = {
			isa = XCBuildConfiguration;
			buildSettings = {
				ALWAYS_SEARCH_USER_PATHS = NO;
				CLANG_CXX_LANGUAGE_STANDARD = "gnu++0x";
				CLANG_CXX_LIBRARY = "libc++";
				CLANG_ENABLE_MODULES = YES;
				CLANG_ENABLE_OBJC_ARC = YES;
				CLANG_WARN_BOOL_CONVERSION = YES;
				CLANG_WARN_CONSTANT_CONVERSION = YES;
				CLANG_WARN_DIRECT_OBJC_ISA_USAGE = YES_ERROR;
				CLANG_WARN_EMPTY_BODY = YES;
				CLANG_WARN_ENUM_CONVERSION = YES;
				CLANG_WARN_INFINITE_RECURSION = YES;
				CLANG_WARN_INT_CONVERSION = YES;
				CLANG_WARN_OBJC_ROOT_CLASS = YES_ERROR;
				CLANG_WARN_SUSPICIOUS_MOVE = YES;
				CLANG_WARN_UNREACHABLE_CODE = YES;
				CLANG_WARN__DUPLICATE_METHOD_MATCH = YES;
				"CODE_SIGN_IDENTITY[sdk=iphoneos*]" = "iPhone Developer";
				COPY_PHASE_STRIP = NO;
				DEBUG_INFORMATION_FORMAT = "dwarf-with-dsym";
				ENABLE_NS_ASSERTIONS = NO;
				ENABLE_STRICT_OBJC_MSGSEND = YES;
				GCC_C_LANGUAGE_STANDARD = gnu99;
				GCC_NO_COMMON_BLOCKS = YES;
				GCC_WARN_64_TO_32_BIT_CONVERSION = YES;
				GCC_WARN_ABOUT_RETURN_TYPE = YES_ERROR;
				GCC_WARN_UNDECLARED_SELECTOR = YES;
				GCC_WARN_UNINITIALIZED_AUTOS = YES_AGGRESSIVE;
				GCC_WARN_UNUSED_FUNCTION = YES;
				GCC_WARN_UNUSED_VARIABLE = YES;
				IPHONEOS_DEPLOYMENT_TARGET = 9.2;
				MTL_ENABLE_DEBUG_INFO = NO;
				SDKROOT = iphoneos;
				SWIFT_OPTIMIZATION_LEVEL = "-Owholemodule";
				TARGETED_DEVICE_FAMILY = 2;
				VALIDATE_PRODUCT = YES;
			};
			name = Release;
		};
		3F7115C01C5943F70071542F /* Debug */ = {
			isa = XCBuildConfiguration;
			baseConfigurationReference = E840C89384C96C8567B9F6A7 /* Pods-CreativeCalendar.debug.xcconfig */;
			buildSettings = {
				ALWAYS_EMBED_SWIFT_STANDARD_LIBRARIES = YES;
				ASSETCATALOG_COMPILER_APPICON_NAME = AppIcon;
				CLANG_ENABLE_MODULES = YES;
				CODE_SIGN_IDENTITY = "iPhone Developer";
				"CODE_SIGN_IDENTITY[sdk=iphoneos*]" = "iPhone Developer";
				INFOPLIST_FILE = CreativeCalendar/Info.plist;
				IPHONEOS_DEPLOYMENT_TARGET = 9.0;
				LD_RUNPATH_SEARCH_PATHS = "$(inherited) @executable_path/Frameworks";
				PRODUCT_BUNDLE_IDENTIFIER = "edu.$(PRODUCT_NAME:rfc1034identifier)";
				PRODUCT_NAME = "$(TARGET_NAME)";
				PROVISIONING_PROFILE = "";
				SWIFT_OBJC_BRIDGING_HEADER = "CreativeCalendar/CreativeCalendar-Bridging-Header.h";
				SWIFT_OPTIMIZATION_LEVEL = "-Onone";
				SWIFT_VERSION = 3.0;
				TARGETED_DEVICE_FAMILY = 2;
			};
			name = Debug;
		};
		3F7115C11C5943F70071542F /* Release */ = {
			isa = XCBuildConfiguration;
			baseConfigurationReference = E5179464284A4CF33184FC2A /* Pods-CreativeCalendar.release.xcconfig */;
			buildSettings = {
				ALWAYS_EMBED_SWIFT_STANDARD_LIBRARIES = YES;
				ASSETCATALOG_COMPILER_APPICON_NAME = AppIcon;
				CLANG_ENABLE_MODULES = YES;
				CODE_SIGN_IDENTITY = "iPhone Developer";
				"CODE_SIGN_IDENTITY[sdk=iphoneos*]" = "iPhone Developer";
				INFOPLIST_FILE = CreativeCalendar/Info.plist;
				IPHONEOS_DEPLOYMENT_TARGET = 9.0;
				LD_RUNPATH_SEARCH_PATHS = "$(inherited) @executable_path/Frameworks";
				PRODUCT_BUNDLE_IDENTIFIER = "edu.$(PRODUCT_NAME:rfc1034identifier)";
				PRODUCT_NAME = "$(TARGET_NAME)";
				PROVISIONING_PROFILE = "";
				SWIFT_OBJC_BRIDGING_HEADER = "CreativeCalendar/CreativeCalendar-Bridging-Header.h";
				SWIFT_VERSION = 3.0;
				TARGETED_DEVICE_FAMILY = 2;
			};
			name = Release;
		};
		3F7115C31C5943F70071542F /* Debug */ = {
			isa = XCBuildConfiguration;
			baseConfigurationReference = F9201D9C8811AF0388389D2F /* Pods-CreativeCalendarTests.debug.xcconfig */;
			buildSettings = {
				BUNDLE_LOADER = "$(TEST_HOST)";
				CLANG_ENABLE_MODULES = YES;
				FRAMEWORK_SEARCH_PATHS = (
					"$(SDKROOT)/Developer/Library/Frameworks",
					"$(inherited)",
				);
				GCC_PREPROCESSOR_DEFINITIONS = (
					"DEBUG=1",
					"$(inherited)",
				);
				INFOPLIST_FILE = CreativeCalendarTests/Info.plist;
				LD_RUNPATH_SEARCH_PATHS = "$(inherited) @executable_path/Frameworks @loader_path/Frameworks";
				PRODUCT_BUNDLE_IDENTIFIER = "edu.$(PRODUCT_NAME:rfc1034identifier)";
				PRODUCT_NAME = "$(TARGET_NAME)";
				SWIFT_OPTIMIZATION_LEVEL = "-Onone";
				SWIFT_VERSION = 3.0;
				TEST_HOST = "$(BUILT_PRODUCTS_DIR)/CreativeCalendar.app/CreativeCalendar";
			};
			name = Debug;
		};
		3F7115C41C5943F70071542F /* Release */ = {
			isa = XCBuildConfiguration;
			baseConfigurationReference = CEC58869E415966FF0DA8DD0 /* Pods-CreativeCalendarTests.release.xcconfig */;
			buildSettings = {
				BUNDLE_LOADER = "$(TEST_HOST)";
				CLANG_ENABLE_MODULES = YES;
				FRAMEWORK_SEARCH_PATHS = (
					"$(SDKROOT)/Developer/Library/Frameworks",
					"$(inherited)",
				);
				INFOPLIST_FILE = CreativeCalendarTests/Info.plist;
				LD_RUNPATH_SEARCH_PATHS = "$(inherited) @executable_path/Frameworks @loader_path/Frameworks";
				PRODUCT_BUNDLE_IDENTIFIER = "edu.$(PRODUCT_NAME:rfc1034identifier)";
				PRODUCT_NAME = "$(TARGET_NAME)";
				SWIFT_VERSION = 3.0;
				TEST_HOST = "$(BUILT_PRODUCTS_DIR)/CreativeCalendar.app/CreativeCalendar";
			};
			name = Release;
		};
		DE25D7CF1D108DE0000D657D /* Debug */ = {
			isa = XCBuildConfiguration;
			baseConfigurationReference = F631488F30927850A79E0F93 /* Pods-CreativeCalendarUITests.debug.xcconfig */;
			buildSettings = {
				CLANG_ANALYZER_NONNULL = YES;
				DEBUG_INFORMATION_FORMAT = dwarf;
				INFOPLIST_FILE = CreativeCalendarUITests/Info.plist;
				IPHONEOS_DEPLOYMENT_TARGET = 9.3;
				LD_RUNPATH_SEARCH_PATHS = "$(inherited) @executable_path/Frameworks @loader_path/Frameworks";
				PRODUCT_BUNDLE_IDENTIFIER = Wes.CreativeCalendarUITests;
				PRODUCT_NAME = "$(TARGET_NAME)";
				SWIFT_VERSION = 3.0;
				TEST_TARGET_NAME = CreativeCalendar;
			};
			name = Debug;
		};
		DE25D7D01D108DE0000D657D /* Release */ = {
			isa = XCBuildConfiguration;
			baseConfigurationReference = 051AE4C2161DD3C925C735BB /* Pods-CreativeCalendarUITests.release.xcconfig */;
			buildSettings = {
				CLANG_ANALYZER_NONNULL = YES;
				INFOPLIST_FILE = CreativeCalendarUITests/Info.plist;
				IPHONEOS_DEPLOYMENT_TARGET = 9.3;
				LD_RUNPATH_SEARCH_PATHS = "$(inherited) @executable_path/Frameworks @loader_path/Frameworks";
				PRODUCT_BUNDLE_IDENTIFIER = Wes.CreativeCalendarUITests;
				PRODUCT_NAME = "$(TARGET_NAME)";
				SWIFT_VERSION = 3.0;
				TEST_TARGET_NAME = CreativeCalendar;
			};
			name = Release;
		};
/* End XCBuildConfiguration section */

/* Begin XCConfigurationList section */
		3F7115991C5943F70071542F /* Build configuration list for PBXProject "CreativeCalendar" */ = {
			isa = XCConfigurationList;
			buildConfigurations = (
				3F7115BD1C5943F70071542F /* Debug */,
				3F7115BE1C5943F70071542F /* Release */,
			);
			defaultConfigurationIsVisible = 0;
			defaultConfigurationName = Release;
		};
		3F7115BF1C5943F70071542F /* Build configuration list for PBXNativeTarget "CreativeCalendar" */ = {
			isa = XCConfigurationList;
			buildConfigurations = (
				3F7115C01C5943F70071542F /* Debug */,
				3F7115C11C5943F70071542F /* Release */,
			);
			defaultConfigurationIsVisible = 0;
			defaultConfigurationName = Release;
		};
		3F7115C21C5943F70071542F /* Build configuration list for PBXNativeTarget "CreativeCalendarTests" */ = {
			isa = XCConfigurationList;
			buildConfigurations = (
				3F7115C31C5943F70071542F /* Debug */,
				3F7115C41C5943F70071542F /* Release */,
			);
			defaultConfigurationIsVisible = 0;
			defaultConfigurationName = Release;
		};
		DE25D7CE1D108DE0000D657D /* Build configuration list for PBXNativeTarget "CreativeCalendarUITests" */ = {
			isa = XCConfigurationList;
			buildConfigurations = (
				DE25D7CF1D108DE0000D657D /* Debug */,
				DE25D7D01D108DE0000D657D /* Release */,
			);
			defaultConfigurationIsVisible = 0;
			defaultConfigurationName = Release;
		};
/* End XCConfigurationList section */
	};
	rootObject = 3F7115961C5943F70071542F /* Project object */;
}
