// !$*UTF8*$!
{
	archiveVersion = 1;
	classes = {
	};
	objectVersion = 46;
	objects = {

/* Begin PBXBuildFile section */
		3F7115AD1C5943F70071542F /* Images.xcassets in Resources */ = {isa = PBXBuildFile; fileRef = 3F7115AC1C5943F70071542F /* Images.xcassets */; };
		3F7115B01C5943F70071542F /* LaunchScreen.xib in Resources */ = {isa = PBXBuildFile; fileRef = 3F7115AE1C5943F70071542F /* LaunchScreen.xib */; };
		DE06631F1C6D321600DE42CA /* HomeViewController.swift in Sources */ = {isa = PBXBuildFile; fileRef = DE06631E1C6D321600DE42CA /* HomeViewController.swift */; };
		DE25D7CA1D108DE0000D657D /* CreativeCalendarUITests.swift in Sources */ = {isa = PBXBuildFile; fileRef = DE25D7C91D108DE0000D657D /* CreativeCalendarUITests.swift */; };
		DE2736261D05CF26000583A7 /* JournalTableViewController.swift in Sources */ = {isa = PBXBuildFile; fileRef = DE2736251D05CF26000583A7 /* JournalTableViewController.swift */; };
		DE2B1D911D107A470069761D /* CreativeCalendarUITest.swift in Sources */ = {isa = PBXBuildFile; fileRef = DE2B1D901D107A470069761D /* CreativeCalendarUITest.swift */; };
		DE2DCB501C6526EB004D3220 /* JournalViewController.swift in Sources */ = {isa = PBXBuildFile; fileRef = DE2DCB4F1C6526EB004D3220 /* JournalViewController.swift */; };
		DE2DCB531C652907004D3220 /* Main.storyboard in Resources */ = {isa = PBXBuildFile; fileRef = DE2DCB511C652907004D3220 /* Main.storyboard */; };
		DE3CE3201CEF8E1B003294FD /* JournalItemList.swift in Sources */ = {isa = PBXBuildFile; fileRef = DE3CE31F1CEF8E1B003294FD /* JournalItemList.swift */; };
		DE4C0C261CC6D261000866DF /* AppointmentStaticTableController.swift in Sources */ = {isa = PBXBuildFile; fileRef = DE4C0C251CC6D261000866DF /* AppointmentStaticTableController.swift */; };
		DE4C56791C6E817400D3DE8E /* AppointmentTableViewController.swift in Sources */ = {isa = PBXBuildFile; fileRef = DE4C56781C6E817400D3DE8E /* AppointmentTableViewController.swift */; };
		DE4C567B1C6E81A000D3DE8E /* TaskTableViewController.swift in Sources */ = {isa = PBXBuildFile; fileRef = DE4C567A1C6E81A000D3DE8E /* TaskTableViewController.swift */; };
		DE4D91601CE7C57400CF89C4 /* TaskItem.swift in Sources */ = {isa = PBXBuildFile; fileRef = DE4D915F1CE7C57400CF89C4 /* TaskItem.swift */; };
		DE4D91641CE7CB3100CF89C4 /* TaskTableViewCell.swift in Sources */ = {isa = PBXBuildFile; fileRef = DE4D91631CE7CB3100CF89C4 /* TaskTableViewCell.swift */; };
		DE4D91661CE7D2A900CF89C4 /* TaskStaticTableViewController.swift in Sources */ = {isa = PBXBuildFile; fileRef = DE4D91651CE7D2A900CF89C4 /* TaskStaticTableViewController.swift */; };
		DE4D91681CE7DACE00CF89C4 /* TaskItemList.swift in Sources */ = {isa = PBXBuildFile; fileRef = DE4D91671CE7DACE00CF89C4 /* TaskItemList.swift */; };
		DE5389401CD3B6B600DAC001 /* AppointmentItem.swift in Sources */ = {isa = PBXBuildFile; fileRef = DE53893F1CD3B6B600DAC001 /* AppointmentItem.swift */; };
		DE5389421CD3B96500DAC001 /* AppointmentItemList.swift in Sources */ = {isa = PBXBuildFile; fileRef = DE5389411CD3B96500DAC001 /* AppointmentItemList.swift */; };
		DE539DA71CAEDFB0000615CD /* AppDelegate.swift in Sources */ = {isa = PBXBuildFile; fileRef = DE539DA61CAEDFB0000615CD /* AppDelegate.swift */; };
		DE53EF211CEA385C00E629A2 /* HomeTaskCell.swift in Sources */ = {isa = PBXBuildFile; fileRef = DE53EF201CEA385C00E629A2 /* HomeTaskCell.swift */; };
		DE53EF231CEA399200E629A2 /* HomeAppointmentCell.swift in Sources */ = {isa = PBXBuildFile; fileRef = DE53EF221CEA399200E629A2 /* HomeAppointmentCell.swift */; };
		DE553AB11CE781B4006288E6 /* AppointmentCell.swift in Sources */ = {isa = PBXBuildFile; fileRef = DE553AB01CE781B4006288E6 /* AppointmentCell.swift */; };
		DE58D3CA1CECE0B30032CB9C /* JournalItem.swift in Sources */ = {isa = PBXBuildFile; fileRef = DE58D3C91CECE0B30032CB9C /* JournalItem.swift */; };
		DE62CFF91D14787E003ED54E /* FMDatabase.m in Sources */ = {isa = PBXBuildFile; fileRef = DE62CFF81D14787E003ED54E /* FMDatabase.m */; };
		DE62CFFD1D1479F3003ED54E /* FMResultSet.m in Sources */ = {isa = PBXBuildFile; fileRef = DE62CFFC1D1479F3003ED54E /* FMResultSet.m */; };
		DE62D0011D147AAD003ED54E /* FMDatabaseAdditions.m in Sources */ = {isa = PBXBuildFile; fileRef = DE62D0001D147AAD003ED54E /* FMDatabaseAdditions.m */; };
		DE62D0031D147B26003ED54E /* FMDatabaseQueue.m in Sources */ = {isa = PBXBuildFile; fileRef = DE62D0021D147B26003ED54E /* FMDatabaseQueue.m */; };
		DE62D0081D14861E003ED54E /* libsqlite3.0.tbd in Frameworks */ = {isa = PBXBuildFile; fileRef = DE62D0071D14861E003ED54E /* libsqlite3.0.tbd */; };
		DE62D00A1D148627003ED54E /* libsqlite3.tbd in Frameworks */ = {isa = PBXBuildFile; fileRef = DE62D0091D148627003ED54E /* libsqlite3.tbd */; };
		DE62D00C1D159987003ED54E /* DatabaseFunctions.swift in Sources */ = {isa = PBXBuildFile; fileRef = DE62D00B1D159987003ED54E /* DatabaseFunctions.swift */; };
/* End PBXBuildFile section */

/* Begin PBXContainerItemProxy section */
		3F7115B61C5943F70071542F /* PBXContainerItemProxy */ = {
			isa = PBXContainerItemProxy;
			containerPortal = 3F7115961C5943F70071542F /* Project object */;
			proxyType = 1;
			remoteGlobalIDString = 3F71159D1C5943F70071542F;
			remoteInfo = CreativeCalendar;
		};
		DE25D7CC1D108DE0000D657D /* PBXContainerItemProxy */ = {
			isa = PBXContainerItemProxy;
			containerPortal = 3F7115961C5943F70071542F /* Project object */;
			proxyType = 1;
			remoteGlobalIDString = 3F71159D1C5943F70071542F;
			remoteInfo = CreativeCalendar;
		};
/* End PBXContainerItemProxy section */

/* Begin PBXFileReference section */
		3F71159E1C5943F70071542F /* CreativeCalendar.app */ = {isa = PBXFileReference; explicitFileType = wrapper.application; includeInIndex = 0; path = CreativeCalendar.app; sourceTree = BUILT_PRODUCTS_DIR; };
		3F7115A21C5943F70071542F /* Info.plist */ = {isa = PBXFileReference; lastKnownFileType = text.plist.xml; path = Info.plist; sourceTree = "<group>"; };
		3F7115AC1C5943F70071542F /* Images.xcassets */ = {isa = PBXFileReference; lastKnownFileType = folder.assetcatalog; path = Images.xcassets; sourceTree = "<group>"; };
		3F7115AF1C5943F70071542F /* Base */ = {isa = PBXFileReference; lastKnownFileType = file.xib; name = Base; path = Base.lproj/LaunchScreen.xib; sourceTree = "<group>"; };
		3F7115B51C5943F70071542F /* CreativeCalendarTests.xctest */ = {isa = PBXFileReference; explicitFileType = wrapper.cfbundle; includeInIndex = 0; path = CreativeCalendarTests.xctest; sourceTree = BUILT_PRODUCTS_DIR; };
		3F7115BA1C5943F70071542F /* Info.plist */ = {isa = PBXFileReference; lastKnownFileType = text.plist.xml; path = Info.plist; sourceTree = "<group>"; };
		DE06631E1C6D321600DE42CA /* HomeViewController.swift */ = {isa = PBXFileReference; fileEncoding = 4; lastKnownFileType = sourcecode.swift; path = HomeViewController.swift; sourceTree = "<group>"; };
		DE25D7C71D108DE0000D657D /* CreativeCalendarUITests.xctest */ = {isa = PBXFileReference; explicitFileType = wrapper.cfbundle; includeInIndex = 0; path = CreativeCalendarUITests.xctest; sourceTree = BUILT_PRODUCTS_DIR; };
		DE25D7C91D108DE0000D657D /* CreativeCalendarUITests.swift */ = {isa = PBXFileReference; lastKnownFileType = sourcecode.swift; path = CreativeCalendarUITests.swift; sourceTree = "<group>"; };
		DE25D7CB1D108DE0000D657D /* Info.plist */ = {isa = PBXFileReference; lastKnownFileType = text.plist.xml; path = Info.plist; sourceTree = "<group>"; };
		DE2736251D05CF26000583A7 /* JournalTableViewController.swift */ = {isa = PBXFileReference; fileEncoding = 4; lastKnownFileType = sourcecode.swift; path = JournalTableViewController.swift; sourceTree = "<group>"; };
		DE2B1D901D107A470069761D /* CreativeCalendarUITest.swift */ = {isa = PBXFileReference; fileEncoding = 4; lastKnownFileType = sourcecode.swift; path = CreativeCalendarUITest.swift; sourceTree = "<group>"; };
		DE2DCB4F1C6526EB004D3220 /* JournalViewController.swift */ = {isa = PBXFileReference; fileEncoding = 4; lastKnownFileType = sourcecode.swift; path = JournalViewController.swift; sourceTree = "<group>"; };
		DE2DCB521C652907004D3220 /* Base */ = {isa = PBXFileReference; lastKnownFileType = file.storyboard; name = Base; path = Base.lproj/Main.storyboard; sourceTree = "<group>"; };
		DE3CE31F1CEF8E1B003294FD /* JournalItemList.swift */ = {isa = PBXFileReference; fileEncoding = 4; lastKnownFileType = sourcecode.swift; path = JournalItemList.swift; sourceTree = "<group>"; };
		DE4C0C251CC6D261000866DF /* AppointmentStaticTableController.swift */ = {isa = PBXFileReference; fileEncoding = 4; lastKnownFileType = sourcecode.swift; path = AppointmentStaticTableController.swift; sourceTree = "<group>"; };
		DE4C56781C6E817400D3DE8E /* AppointmentTableViewController.swift */ = {isa = PBXFileReference; fileEncoding = 4; lastKnownFileType = sourcecode.swift; name = AppointmentTableViewController.swift; path = ../AppointmentTableViewController.swift; sourceTree = "<group>"; };
		DE4C567A1C6E81A000D3DE8E /* TaskTableViewController.swift */ = {isa = PBXFileReference; fileEncoding = 4; lastKnownFileType = sourcecode.swift; name = TaskTableViewController.swift; path = ../TaskTableViewController.swift; sourceTree = "<group>"; };
		DE4D915F1CE7C57400CF89C4 /* TaskItem.swift */ = {isa = PBXFileReference; fileEncoding = 4; lastKnownFileType = sourcecode.swift; path = TaskItem.swift; sourceTree = "<group>"; };
		DE4D91631CE7CB3100CF89C4 /* TaskTableViewCell.swift */ = {isa = PBXFileReference; fileEncoding = 4; lastKnownFileType = sourcecode.swift; path = TaskTableViewCell.swift; sourceTree = "<group>"; };
		DE4D91651CE7D2A900CF89C4 /* TaskStaticTableViewController.swift */ = {isa = PBXFileReference; fileEncoding = 4; lastKnownFileType = sourcecode.swift; path = TaskStaticTableViewController.swift; sourceTree = "<group>"; };
		DE4D91671CE7DACE00CF89C4 /* TaskItemList.swift */ = {isa = PBXFileReference; fileEncoding = 4; lastKnownFileType = sourcecode.swift; path = TaskItemList.swift; sourceTree = "<group>"; };
		DE53893F1CD3B6B600DAC001 /* AppointmentItem.swift */ = {isa = PBXFileReference; fileEncoding = 4; lastKnownFileType = sourcecode.swift; path = AppointmentItem.swift; sourceTree = "<group>"; };
		DE5389411CD3B96500DAC001 /* AppointmentItemList.swift */ = {isa = PBXFileReference; fileEncoding = 4; lastKnownFileType = sourcecode.swift; path = AppointmentItemList.swift; sourceTree = "<group>"; };
		DE539DA61CAEDFB0000615CD /* AppDelegate.swift */ = {isa = PBXFileReference; fileEncoding = 4; lastKnownFileType = sourcecode.swift; path = AppDelegate.swift; sourceTree = "<group>"; };
		DE53EF201CEA385C00E629A2 /* HomeTaskCell.swift */ = {isa = PBXFileReference; fileEncoding = 4; lastKnownFileType = sourcecode.swift; path = HomeTaskCell.swift; sourceTree = "<group>"; };
		DE53EF221CEA399200E629A2 /* HomeAppointmentCell.swift */ = {isa = PBXFileReference; fileEncoding = 4; lastKnownFileType = sourcecode.swift; path = HomeAppointmentCell.swift; sourceTree = "<group>"; };
		DE553AB01CE781B4006288E6 /* AppointmentCell.swift */ = {isa = PBXFileReference; fileEncoding = 4; lastKnownFileType = sourcecode.swift; path = AppointmentCell.swift; sourceTree = "<group>"; };
		DE58D3C91CECE0B30032CB9C /* JournalItem.swift */ = {isa = PBXFileReference; fileEncoding = 4; lastKnownFileType = sourcecode.swift; path = JournalItem.swift; sourceTree = "<group>"; };
		DE62CFF81D14787E003ED54E /* FMDatabase.m */ = {isa = PBXFileReference; fileEncoding = 4; lastKnownFileType = sourcecode.c.objc; path = FMDatabase.m; sourceTree = "<group>"; };
		DE62CFFA1D1478E0003ED54E /* FMDatabase.h */ = {isa = PBXFileReference; fileEncoding = 4; lastKnownFileType = sourcecode.c.h; path = FMDatabase.h; sourceTree = "<group>"; };
		DE62CFFB1D14797B003ED54E /* FMResultSet.h */ = {isa = PBXFileReference; fileEncoding = 4; lastKnownFileType = sourcecode.c.h; path = FMResultSet.h; sourceTree = "<group>"; };
		DE62CFFC1D1479F3003ED54E /* FMResultSet.m */ = {isa = PBXFileReference; fileEncoding = 4; lastKnownFileType = sourcecode.c.objc; path = FMResultSet.m; sourceTree = "<group>"; };
		DE62CFFF1D147A65003ED54E /* FMDatabaseAdditions.h */ = {isa = PBXFileReference; fileEncoding = 4; lastKnownFileType = sourcecode.c.h; path = FMDatabaseAdditions.h; sourceTree = "<group>"; };
		DE62D0001D147AAD003ED54E /* FMDatabaseAdditions.m */ = {isa = PBXFileReference; fileEncoding = 4; lastKnownFileType = sourcecode.c.objc; path = FMDatabaseAdditions.m; sourceTree = "<group>"; };
		DE62D0021D147B26003ED54E /* FMDatabaseQueue.m */ = {isa = PBXFileReference; fileEncoding = 4; lastKnownFileType = sourcecode.c.objc; path = FMDatabaseQueue.m; sourceTree = "<group>"; };
		DE62D0041D147B59003ED54E /* FMDatabaseQueue.h */ = {isa = PBXFileReference; fileEncoding = 4; lastKnownFileType = sourcecode.c.h; path = FMDatabaseQueue.h; sourceTree = "<group>"; };
		DE62D0051D147BCC003ED54E /* CreativeCalendar-Bridging-Header.h */ = {isa = PBXFileReference; fileEncoding = 4; lastKnownFileType = sourcecode.c.h; path = "CreativeCalendar-Bridging-Header.h"; sourceTree = "<group>"; };
		DE62D0061D148214003ED54E /* FMDB.h */ = {isa = PBXFileReference; fileEncoding = 4; lastKnownFileType = sourcecode.c.h; path = FMDB.h; sourceTree = "<group>"; };
		DE62D0071D14861E003ED54E /* libsqlite3.0.tbd */ = {isa = PBXFileReference; lastKnownFileType = "sourcecode.text-based-dylib-definition"; name = libsqlite3.0.tbd; path = usr/lib/libsqlite3.0.tbd; sourceTree = SDKROOT; };
		DE62D0091D148627003ED54E /* libsqlite3.tbd */ = {isa = PBXFileReference; lastKnownFileType = "sourcecode.text-based-dylib-definition"; name = libsqlite3.tbd; path = usr/lib/libsqlite3.tbd; sourceTree = SDKROOT; };
		DE62D00B1D159987003ED54E /* DatabaseFunctions.swift */ = {isa = PBXFileReference; fileEncoding = 4; lastKnownFileType = sourcecode.swift; path = DatabaseFunctions.swift; sourceTree = "<group>"; };
/* End PBXFileReference section */

/* Begin PBXFrameworksBuildPhase section */
		3F71159B1C5943F70071542F /* Frameworks */ = {
			isa = PBXFrameworksBuildPhase;
			buildActionMask = 2147483647;
			files = (
				DE62D00A1D148627003ED54E /* libsqlite3.tbd in Frameworks */,
				DE62D0081D14861E003ED54E /* libsqlite3.0.tbd in Frameworks */,
			);
			runOnlyForDeploymentPostprocessing = 0;
		};
		3F7115B21C5943F70071542F /* Frameworks */ = {
			isa = PBXFrameworksBuildPhase;
			buildActionMask = 2147483647;
			files = (
			);
			runOnlyForDeploymentPostprocessing = 0;
		};
		DE25D7C41D108DE0000D657D /* Frameworks */ = {
			isa = PBXFrameworksBuildPhase;
			buildActionMask = 2147483647;
			files = (
			);
			runOnlyForDeploymentPostprocessing = 0;
		};
/* End PBXFrameworksBuildPhase section */

/* Begin PBXGroup section */
		3F7115951C5943F70071542F = {
			isa = PBXGroup;
			children = (
				DE62D0091D148627003ED54E /* libsqlite3.tbd */,
				DE62D0071D14861E003ED54E /* libsqlite3.0.tbd */,
				3F7115A01C5943F70071542F /* CreativeCalendar */,
				3F7115B81C5943F70071542F /* CreativeCalendarTests */,
				DE25D7C81D108DE0000D657D /* CreativeCalendarUITests */,
				3F71159F1C5943F70071542F /* Products */,
			);
			sourceTree = "<group>";
		};
		3F71159F1C5943F70071542F /* Products */ = {
			isa = PBXGroup;
			children = (
				3F71159E1C5943F70071542F /* CreativeCalendar.app */,
				3F7115B51C5943F70071542F /* CreativeCalendarTests.xctest */,
				DE25D7C71D108DE0000D657D /* CreativeCalendarUITests.xctest */,
			);
			name = Products;
			sourceTree = "<group>";
		};
		3F7115A01C5943F70071542F /* CreativeCalendar */ = {
			isa = PBXGroup;
			children = (
				DE539DA61CAEDFB0000615CD /* AppDelegate.swift */,
				DE553AB01CE781B4006288E6 /* AppointmentCell.swift */,
				DE53893F1CD3B6B600DAC001 /* AppointmentItem.swift */,
				DE5389411CD3B96500DAC001 /* AppointmentItemList.swift */,
				DE4C56781C6E817400D3DE8E /* AppointmentTableViewController.swift */,
				DE4C0C251CC6D261000866DF /* AppointmentStaticTableController.swift */,
				DE4D91631CE7CB3100CF89C4 /* TaskTableViewCell.swift */,
				DE4D915F1CE7C57400CF89C4 /* TaskItem.swift */,
				DE4D91671CE7DACE00CF89C4 /* TaskItemList.swift */,
				DE4C567A1C6E81A000D3DE8E /* TaskTableViewController.swift */,
				DE4D91651CE7D2A900CF89C4 /* TaskStaticTableViewController.swift */,
				DE53EF201CEA385C00E629A2 /* HomeTaskCell.swift */,
				DE53EF221CEA399200E629A2 /* HomeAppointmentCell.swift */,
				DE06631E1C6D321600DE42CA /* HomeViewController.swift */,
				DE58D3C91CECE0B30032CB9C /* JournalItem.swift */,
				DE3CE31F1CEF8E1B003294FD /* JournalItemList.swift */,
				DE2DCB4F1C6526EB004D3220 /* JournalViewController.swift */,
				DE2736251D05CF26000583A7 /* JournalTableViewController.swift */,
				DE62D00B1D159987003ED54E /* DatabaseFunctions.swift */,
				DE2DCB511C652907004D3220 /* Main.storyboard */,
				3F7115AC1C5943F70071542F /* Images.xcassets */,
				3F7115AE1C5943F70071542F /* LaunchScreen.xib */,
				3F7115A11C5943F70071542F /* Supporting Files */,
				DE62CFF81D14787E003ED54E /* FMDatabase.m */,
				DE62CFFA1D1478E0003ED54E /* FMDatabase.h */,
				DE62CFFB1D14797B003ED54E /* FMResultSet.h */,
				DE62CFFC1D1479F3003ED54E /* FMResultSet.m */,
				DE62CFFF1D147A65003ED54E /* FMDatabaseAdditions.h */,
				DE62D0001D147AAD003ED54E /* FMDatabaseAdditions.m */,
				DE62D0021D147B26003ED54E /* FMDatabaseQueue.m */,
				DE62D0041D147B59003ED54E /* FMDatabaseQueue.h */,
				DE62D0051D147BCC003ED54E /* CreativeCalendar-Bridging-Header.h */,
				DE62D0061D148214003ED54E /* FMDB.h */,
			);
			path = CreativeCalendar;
			sourceTree = "<group>";
		};
		3F7115A11C5943F70071542F /* Supporting Files */ = {
			isa = PBXGroup;
			children = (
				3F7115A21C5943F70071542F /* Info.plist */,
			);
			name = "Supporting Files";
			sourceTree = "<group>";
		};
		3F7115B81C5943F70071542F /* CreativeCalendarTests */ = {
			isa = PBXGroup;
			children = (
				DE2B1D901D107A470069761D /* CreativeCalendarUITest.swift */,
				3F7115B91C5943F70071542F /* Supporting Files */,
			);
			path = CreativeCalendarTests;
			sourceTree = "<group>";
		};
		3F7115B91C5943F70071542F /* Supporting Files */ = {
			isa = PBXGroup;
			children = (
				3F7115BA1C5943F70071542F /* Info.plist */,
			);
			name = "Supporting Files";
			sourceTree = "<group>";
		};
		DE25D7C81D108DE0000D657D /* CreativeCalendarUITests */ = {
			isa = PBXGroup;
			children = (
				DE25D7C91D108DE0000D657D /* CreativeCalendarUITests.swift */,
				DE25D7CB1D108DE0000D657D /* Info.plist */,
			);
			path = CreativeCalendarUITests;
			sourceTree = "<group>";
		};
/* End PBXGroup section */

/* Begin PBXNativeTarget section */
		3F71159D1C5943F70071542F /* CreativeCalendar */ = {
			isa = PBXNativeTarget;
			buildConfigurationList = 3F7115BF1C5943F70071542F /* Build configuration list for PBXNativeTarget "CreativeCalendar" */;
			buildPhases = (
				3F71159A1C5943F70071542F /* Sources */,
				3F71159B1C5943F70071542F /* Frameworks */,
				3F71159C1C5943F70071542F /* Resources */,
			);
			buildRules = (
			);
			dependencies = (
			);
			name = CreativeCalendar;
			productName = CreativeCalendar;
			productReference = 3F71159E1C5943F70071542F /* CreativeCalendar.app */;
			productType = "com.apple.product-type.application";
		};
		3F7115B41C5943F70071542F /* CreativeCalendarTests */ = {
			isa = PBXNativeTarget;
			buildConfigurationList = 3F7115C21C5943F70071542F /* Build configuration list for PBXNativeTarget "CreativeCalendarTests" */;
			buildPhases = (
				3F7115B11C5943F70071542F /* Sources */,
				3F7115B21C5943F70071542F /* Frameworks */,
				3F7115B31C5943F70071542F /* Resources */,
			);
			buildRules = (
			);
			dependencies = (
				3F7115B71C5943F70071542F /* PBXTargetDependency */,
			);
			name = CreativeCalendarTests;
			productName = CreativeCalendarTests;
			productReference = 3F7115B51C5943F70071542F /* CreativeCalendarTests.xctest */;
			productType = "com.apple.product-type.bundle.unit-test";
		};
		DE25D7C61D108DE0000D657D /* CreativeCalendarUITests */ = {
			isa = PBXNativeTarget;
			buildConfigurationList = DE25D7CE1D108DE0000D657D /* Build configuration list for PBXNativeTarget "CreativeCalendarUITests" */;
			buildPhases = (
				DE25D7C31D108DE0000D657D /* Sources */,
				DE25D7C41D108DE0000D657D /* Frameworks */,
				DE25D7C51D108DE0000D657D /* Resources */,
			);
			buildRules = (
			);
			dependencies = (
				DE25D7CD1D108DE0000D657D /* PBXTargetDependency */,
			);
			name = CreativeCalendarUITests;
			productName = CreativeCalendarUITests;
			productReference = DE25D7C71D108DE0000D657D /* CreativeCalendarUITests.xctest */;
			productType = "com.apple.product-type.bundle.ui-testing";
		};
/* End PBXNativeTarget section */

/* Begin PBXProject section */
		3F7115961C5943F70071542F /* Project object */ = {
			isa = PBXProject;
			attributes = {
				LastSwiftMigration = 0730;
				LastSwiftUpdateCheck = 0730;
				LastUpgradeCheck = 0730;
				ORGANIZATIONNAME = "Wes Bosman";
				TargetAttributes = {
					3F71159D1C5943F70071542F = {
						CreatedOnToolsVersion = 6.3.2;
						DevelopmentTeam = GV7EE9PX98;
					};
					3F7115B41C5943F70071542F = {
						CreatedOnToolsVersion = 6.3.2;
						TestTargetID = 3F71159D1C5943F70071542F;
					};
					DE25D7C61D108DE0000D657D = {
						CreatedOnToolsVersion = 7.3.1;
						TestTargetID = 3F71159D1C5943F70071542F;
					};
				};
			};
			buildConfigurationList = 3F7115991C5943F70071542F /* Build configuration list for PBXProject "CreativeCalendar" */;
			compatibilityVersion = "Xcode 3.2";
			developmentRegion = English;
			hasScannedForEncodings = 0;
			knownRegions = (
				en,
				Base,
			);
			mainGroup = 3F7115951C5943F70071542F;
			productRefGroup = 3F71159F1C5943F70071542F /* Products */;
			projectDirPath = "";
			projectRoot = "";
			targets = (
				3F71159D1C5943F70071542F /* CreativeCalendar */,
				3F7115B41C5943F70071542F /* CreativeCalendarTests */,
				DE25D7C61D108DE0000D657D /* CreativeCalendarUITests */,
			);
		};
/* End PBXProject section */

/* Begin PBXResourcesBuildPhase section */
		3F71159C1C5943F70071542F /* Resources */ = {
			isa = PBXResourcesBuildPhase;
			buildActionMask = 2147483647;
			files = (
				3F7115B01C5943F70071542F /* LaunchScreen.xib in Resources */,
				3F7115AD1C5943F70071542F /* Images.xcassets in Resources */,
				DE2DCB531C652907004D3220 /* Main.storyboard in Resources */,
			);
			runOnlyForDeploymentPostprocessing = 0;
		};
		3F7115B31C5943F70071542F /* Resources */ = {
			isa = PBXResourcesBuildPhase;
			buildActionMask = 2147483647;
			files = (
			);
			runOnlyForDeploymentPostprocessing = 0;
		};
		DE25D7C51D108DE0000D657D /* Resources */ = {
			isa = PBXResourcesBuildPhase;
			buildActionMask = 2147483647;
			files = (
			);
			runOnlyForDeploymentPostprocessing = 0;
		};
/* End PBXResourcesBuildPhase section */

/* Begin PBXSourcesBuildPhase section */
		3F71159A1C5943F70071542F /* Sources */ = {
			isa = PBXSourcesBuildPhase;
			buildActionMask = 2147483647;
			files = (
				DE4D91661CE7D2A900CF89C4 /* TaskStaticTableViewController.swift in Sources */,
				DE62CFF91D14787E003ED54E /* FMDatabase.m in Sources */,
				DE53EF211CEA385C00E629A2 /* HomeTaskCell.swift in Sources */,
				DE4D91681CE7DACE00CF89C4 /* TaskItemList.swift in Sources */,
				DE553AB11CE781B4006288E6 /* AppointmentCell.swift in Sources */,
				DE62D0011D147AAD003ED54E /* FMDatabaseAdditions.m in Sources */,
				DE4D91601CE7C57400CF89C4 /* TaskItem.swift in Sources */,
				DE4D91641CE7CB3100CF89C4 /* TaskTableViewCell.swift in Sources */,
				DE58D3CA1CECE0B30032CB9C /* JournalItem.swift in Sources */,
				DE3CE3201CEF8E1B003294FD /* JournalItemList.swift in Sources */,
				DE539DA71CAEDFB0000615CD /* AppDelegate.swift in Sources */,
				DE4C567B1C6E81A000D3DE8E /* TaskTableViewController.swift in Sources */,
				DE06631F1C6D321600DE42CA /* HomeViewController.swift in Sources */,
				DE53EF231CEA399200E629A2 /* HomeAppointmentCell.swift in Sources */,
				DE4C0C261CC6D261000866DF /* AppointmentStaticTableController.swift in Sources */,
				DE62CFFD1D1479F3003ED54E /* FMResultSet.m in Sources */,
				DE5389421CD3B96500DAC001 /* AppointmentItemList.swift in Sources */,
				DE62D00C1D159987003ED54E /* DatabaseFunctions.swift in Sources */,
				DE4C56791C6E817400D3DE8E /* AppointmentTableViewController.swift in Sources */,
				DE5389401CD3B6B600DAC001 /* AppointmentItem.swift in Sources */,
				DE62D0031D147B26003ED54E /* FMDatabaseQueue.m in Sources */,
				DE2736261D05CF26000583A7 /* JournalTableViewController.swift in Sources */,
				DE2DCB501C6526EB004D3220 /* JournalViewController.swift in Sources */,
			);
			runOnlyForDeploymentPostprocessing = 0;
		};
		3F7115B11C5943F70071542F /* Sources */ = {
			isa = PBXSourcesBuildPhase;
			buildActionMask = 2147483647;
			files = (
				DE2B1D911D107A470069761D /* CreativeCalendarUITest.swift in Sources */,
			);
			runOnlyForDeploymentPostprocessing = 0;
		};
		DE25D7C31D108DE0000D657D /* Sources */ = {
			isa = PBXSourcesBuildPhase;
			buildActionMask = 2147483647;
			files = (
				DE25D7CA1D108DE0000D657D /* CreativeCalendarUITests.swift in Sources */,
			);
			runOnlyForDeploymentPostprocessing = 0;
		};
/* End PBXSourcesBuildPhase section */

/* Begin PBXTargetDependency section */
		3F7115B71C5943F70071542F /* PBXTargetDependency */ = {
			isa = PBXTargetDependency;
			target = 3F71159D1C5943F70071542F /* CreativeCalendar */;
			targetProxy = 3F7115B61C5943F70071542F /* PBXContainerItemProxy */;
		};
		DE25D7CD1D108DE0000D657D /* PBXTargetDependency */ = {
			isa = PBXTargetDependency;
			target = 3F71159D1C5943F70071542F /* CreativeCalendar */;
			targetProxy = DE25D7CC1D108DE0000D657D /* PBXContainerItemProxy */;
		};
/* End PBXTargetDependency section */

/* Begin PBXVariantGroup section */
		3F7115AE1C5943F70071542F /* LaunchScreen.xib */ = {
			isa = PBXVariantGroup;
			children = (
				3F7115AF1C5943F70071542F /* Base */,
			);
			name = LaunchScreen.xib;
			sourceTree = "<group>";
		};
		DE2DCB511C652907004D3220 /* Main.storyboard */ = {
			isa = PBXVariantGroup;
			children = (
				DE2DCB521C652907004D3220 /* Base */,
			);
			name = Main.storyboard;
			sourceTree = "<group>";
		};
/* End PBXVariantGroup section */

/* Begin XCBuildConfiguration section */
		3F7115BD1C5943F70071542F /* Debug */ = {
			isa = XCBuildConfiguration;
			buildSettings = {
				ALWAYS_SEARCH_USER_PATHS = NO;
				CLANG_CXX_LANGUAGE_STANDARD = "gnu++0x";
				CLANG_CXX_LIBRARY = "libc++";
				CLANG_ENABLE_MODULES = YES;
				CLANG_ENABLE_OBJC_ARC = YES;
				CLANG_WARN_BOOL_CONVERSION = YES;
				CLANG_WARN_CONSTANT_CONVERSION = YES;
				CLANG_WARN_DIRECT_OBJC_ISA_USAGE = YES_ERROR;
				CLANG_WARN_EMPTY_BODY = YES;
				CLANG_WARN_ENUM_CONVERSION = YES;
				CLANG_WARN_INT_CONVERSION = YES;
				CLANG_WARN_OBJC_ROOT_CLASS = YES_ERROR;
				CLANG_WARN_UNREACHABLE_CODE = YES;
				CLANG_WARN__DUPLICATE_METHOD_MATCH = YES;
				"CODE_SIGN_IDENTITY[sdk=iphoneos*]" = "iPhone Developer";
				COPY_PHASE_STRIP = NO;
				DEBUG_INFORMATION_FORMAT = "dwarf-with-dsym";
				ENABLE_STRICT_OBJC_MSGSEND = YES;
				ENABLE_TESTABILITY = YES;
				GCC_C_LANGUAGE_STANDARD = gnu99;
				GCC_DYNAMIC_NO_PIC = NO;
				GCC_NO_COMMON_BLOCKS = YES;
				GCC_OPTIMIZATION_LEVEL = 0;
				GCC_PREPROCESSOR_DEFINITIONS = (
					"DEBUG=1",
					"$(inherited)",
				);
				GCC_SYMBOLS_PRIVATE_EXTERN = NO;
				GCC_WARN_64_TO_32_BIT_CONVERSION = YES;
				GCC_WARN_ABOUT_RETURN_TYPE = YES_ERROR;
				GCC_WARN_UNDECLARED_SELECTOR = YES;
				GCC_WARN_UNINITIALIZED_AUTOS = YES_AGGRESSIVE;
				GCC_WARN_UNUSED_FUNCTION = YES;
				GCC_WARN_UNUSED_VARIABLE = YES;
				IPHONEOS_DEPLOYMENT_TARGET = 9.2;
				MTL_ENABLE_DEBUG_INFO = YES;
				ONLY_ACTIVE_ARCH = YES;
				SDKROOT = iphoneos;
				SWIFT_OPTIMIZATION_LEVEL = "-Onone";
				TARGETED_DEVICE_FAMILY = 2;
			};
			name = Debug;
		};
		3F7115BE1C5943F70071542F /* Release */ = {
			isa = XCBuildConfiguration;
			buildSettings = {
				ALWAYS_SEARCH_USER_PATHS = NO;
				CLANG_CXX_LANGUAGE_STANDARD = "gnu++0x";
				CLANG_CXX_LIBRARY = "libc++";
				CLANG_ENABLE_MODULES = YES;
				CLANG_ENABLE_OBJC_ARC = YES;
				CLANG_WARN_BOOL_CONVERSION = YES;
				CLANG_WARN_CONSTANT_CONVERSION = YES;
				CLANG_WARN_DIRECT_OBJC_ISA_USAGE = YES_ERROR;
				CLANG_WARN_EMPTY_BODY = YES;
				CLANG_WARN_ENUM_CONVERSION = YES;
				CLANG_WARN_INT_CONVERSION = YES;
				CLANG_WARN_OBJC_ROOT_CLASS = YES_ERROR;
				CLANG_WARN_UNREACHABLE_CODE = YES;
				CLANG_WARN__DUPLICATE_METHOD_MATCH = YES;
				"CODE_SIGN_IDENTITY[sdk=iphoneos*]" = "iPhone Developer";
				COPY_PHASE_STRIP = NO;
				DEBUG_INFORMATION_FORMAT = "dwarf-with-dsym";
				ENABLE_NS_ASSERTIONS = NO;
				ENABLE_STRICT_OBJC_MSGSEND = YES;
				GCC_C_LANGUAGE_STANDARD = gnu99;
				GCC_NO_COMMON_BLOCKS = YES;
				GCC_WARN_64_TO_32_BIT_CONVERSION = YES;
				GCC_WARN_ABOUT_RETURN_TYPE = YES_ERROR;
				GCC_WARN_UNDECLARED_SELECTOR = YES;
				GCC_WARN_UNINITIALIZED_AUTOS = YES_AGGRESSIVE;
				GCC_WARN_UNUSED_FUNCTION = YES;
				GCC_WARN_UNUSED_VARIABLE = YES;
				IPHONEOS_DEPLOYMENT_TARGET = 9.2;
				MTL_ENABLE_DEBUG_INFO = NO;
				SDKROOT = iphoneos;
				TARGETED_DEVICE_FAMILY = 2;
				VALIDATE_PRODUCT = YES;
			};
			name = Release;
		};
		3F7115C01C5943F70071542F /* Debug */ = {
			isa = XCBuildConfiguration;
			buildSettings = {
				ASSETCATALOG_COMPILER_APPICON_NAME = AppIcon;
				CLANG_ENABLE_MODULES = YES;
				CODE_SIGN_IDENTITY = "iPhone Developer";
				"CODE_SIGN_IDENTITY[sdk=iphoneos*]" = "iPhone Developer";
				INFOPLIST_FILE = CreativeCalendar/Info.plist;
				IPHONEOS_DEPLOYMENT_TARGET = 8.2;
				LD_RUNPATH_SEARCH_PATHS = "$(inherited) @executable_path/Frameworks";
				PRODUCT_BUNDLE_IDENTIFIER = "edu.$(PRODUCT_NAME:rfc1034identifier)";
				PRODUCT_NAME = "$(TARGET_NAME)";
				PROVISIONING_PROFILE = "";
				SWIFT_OBJC_BRIDGING_HEADER = "CreativeCalendar/CreativeCalendar-Bridging-Header.h";
				SWIFT_OPTIMIZATION_LEVEL = "-Onone";
				TARGETED_DEVICE_FAMILY = 2;
			};
			name = Debug;
		};
		3F7115C11C5943F70071542F /* Release */ = {
			isa = XCBuildConfiguration;
			buildSettings = {
				ASSETCATALOG_COMPILER_APPICON_NAME = AppIcon;
				CLANG_ENABLE_MODULES = YES;
				CODE_SIGN_IDENTITY = "iPhone Developer";
				"CODE_SIGN_IDENTITY[sdk=iphoneos*]" = "iPhone Developer";
				INFOPLIST_FILE = CreativeCalendar/Info.plist;
				IPHONEOS_DEPLOYMENT_TARGET = 8.2;
				LD_RUNPATH_SEARCH_PATHS = "$(inherited) @executable_path/Frameworks";
				PRODUCT_BUNDLE_IDENTIFIER = "edu.$(PRODUCT_NAME:rfc1034identifier)";
				PRODUCT_NAME = "$(TARGET_NAME)";
				PROVISIONING_PROFILE = "";
				SWIFT_OBJC_BRIDGING_HEADER = "CreativeCalendar/CreativeCalendar-Bridging-Header.h";
				TARGETED_DEVICE_FAMILY = 2;
			};
			name = Release;
		};
		3F7115C31C5943F70071542F /* Debug */ = {
			isa = XCBuildConfiguration;
			buildSettings = {
				BUNDLE_LOADER = "$(TEST_HOST)";
				FRAMEWORK_SEARCH_PATHS = (
					"$(SDKROOT)/Developer/Library/Frameworks",
					"$(inherited)",
				);
				GCC_PREPROCESSOR_DEFINITIONS = (
					"DEBUG=1",
					"$(inherited)",
				);
				INFOPLIST_FILE = CreativeCalendarTests/Info.plist;
				LD_RUNPATH_SEARCH_PATHS = "$(inherited) @executable_path/Frameworks @loader_path/Frameworks";
				PRODUCT_BUNDLE_IDENTIFIER = "edu.$(PRODUCT_NAME:rfc1034identifier)";
				PRODUCT_NAME = "$(TARGET_NAME)";
				TEST_HOST = "$(BUILT_PRODUCTS_DIR)/CreativeCalendar.app/CreativeCalendar";
			};
			name = Debug;
		};
		3F7115C41C5943F70071542F /* Release */ = {
			isa = XCBuildConfiguration;
			buildSettings = {
				BUNDLE_LOADER = "$(TEST_HOST)";
				FRAMEWORK_SEARCH_PATHS = (
					"$(SDKROOT)/Developer/Library/Frameworks",
					"$(inherited)",
				);
				INFOPLIST_FILE = CreativeCalendarTests/Info.plist;
				LD_RUNPATH_SEARCH_PATHS = "$(inherited) @executable_path/Frameworks @loader_path/Frameworks";
				PRODUCT_BUNDLE_IDENTIFIER = "edu.$(PRODUCT_NAME:rfc1034identifier)";
				PRODUCT_NAME = "$(TARGET_NAME)";
				TEST_HOST = "$(BUILT_PRODUCTS_DIR)/CreativeCalendar.app/CreativeCalendar";
			};
			name = Release;
		};
		DE25D7CF1D108DE0000D657D /* Debug */ = {
			isa = XCBuildConfiguration;
			buildSettings = {
				CLANG_ANALYZER_NONNULL = YES;
				DEBUG_INFORMATION_FORMAT = dwarf;
				INFOPLIST_FILE = CreativeCalendarUITests/Info.plist;
				IPHONEOS_DEPLOYMENT_TARGET = 9.3;
				LD_RUNPATH_SEARCH_PATHS = "$(inherited) @executable_path/Frameworks @loader_path/Frameworks";
				PRODUCT_BUNDLE_IDENTIFIER = Wes.CreativeCalendarUITests;
				PRODUCT_NAME = "$(TARGET_NAME)";
				TEST_TARGET_NAME = CreativeCalendar;
			};
			name = Debug;
		};
		DE25D7D01D108DE0000D657D /* Release */ = {
			isa = XCBuildConfiguration;
			buildSettings = {
				CLANG_ANALYZER_NONNULL = YES;
				INFOPLIST_FILE = CreativeCalendarUITests/Info.plist;
				IPHONEOS_DEPLOYMENT_TARGET = 9.3;
				LD_RUNPATH_SEARCH_PATHS = "$(inherited) @executable_path/Frameworks @loader_path/Frameworks";
				PRODUCT_BUNDLE_IDENTIFIER = Wes.CreativeCalendarUITests;
				PRODUCT_NAME = "$(TARGET_NAME)";
				TEST_TARGET_NAME = CreativeCalendar;
			};
			name = Release;
		};
/* End XCBuildConfiguration section */

/* Begin XCConfigurationList section */
		3F7115991C5943F70071542F /* Build configuration list for PBXProject "CreativeCalendar" */ = {
			isa = XCConfigurationList;
			buildConfigurations = (
				3F7115BD1C5943F70071542F /* Debug */,
				3F7115BE1C5943F70071542F /* Release */,
			);
			defaultConfigurationIsVisible = 0;
			defaultConfigurationName = Release;
		};
		3F7115BF1C5943F70071542F /* Build configuration list for PBXNativeTarget "CreativeCalendar" */ = {
			isa = XCConfigurationList;
			buildConfigurations = (
				3F7115C01C5943F70071542F /* Debug */,
				3F7115C11C5943F70071542F /* Release */,
			);
			defaultConfigurationIsVisible = 0;
			defaultConfigurationName = Release;
		};
		3F7115C21C5943F70071542F /* Build configuration list for PBXNativeTarget "CreativeCalendarTests" */ = {
			isa = XCConfigurationList;
			buildConfigurations = (
				3F7115C31C5943F70071542F /* Debug */,
				3F7115C41C5943F70071542F /* Release */,
			);
			defaultConfigurationIsVisible = 0;
			defaultConfigurationName = Release;
		};
		DE25D7CE1D108DE0000D657D /* Build configuration list for PBXNativeTarget "CreativeCalendarUITests" */ = {
			isa = XCConfigurationList;
			buildConfigurations = (
				DE25D7CF1D108DE0000D657D /* Debug */,
				DE25D7D01D108DE0000D657D /* Release */,
			);
			defaultConfigurationIsVisible = 0;
			defaultConfigurationName = Release;
		};
/* End XCConfigurationList section */
	};
	rootObject = 3F7115961C5943F70071542F /* Project object */;
}
